// !$*UTF8*$!
{
	archiveVersion = 1;
	classes = {
	};
	objectVersion = 46;
	objects = {

/* Begin PBXBuildFile section */
		1B61A8188CB2C57948A92D03 /* libPods-SLWeibo.a in Frameworks */ = {isa = PBXBuildFile; fileRef = 039EFAA533FCA51666D44100 /* libPods-SLWeibo.a */; };
		B102CD281C3BEDEA00132E55 /* SLAccountTool.m in Sources */ = {isa = PBXBuildFile; fileRef = B102CD271C3BEDEA00132E55 /* SLAccountTool.m */; };
		B102CD2B1C3BF2B100132E55 /* SLStatus.m in Sources */ = {isa = PBXBuildFile; fileRef = B102CD2A1C3BF2B100132E55 /* SLStatus.m */; };
		B11E31DB1C43E78500CDB5A4 /* SLPhotoView.m in Sources */ = {isa = PBXBuildFile; fileRef = B11E31DA1C43E78500CDB5A4 /* SLPhotoView.m */; };
		B11E31DE1C43EA9A00CDB5A4 /* SLPhotosView.m in Sources */ = {isa = PBXBuildFile; fileRef = B11E31DD1C43EA9A00CDB5A4 /* SLPhotosView.m */; };
		B130C0AF1C3CF75500E283DA /* SLUser.m in Sources */ = {isa = PBXBuildFile; fileRef = B130C0AE1C3CF75500E283DA /* SLUser.m */; };
		B130C0D51C3CFA3600E283DA /* SLStatusCell.m in Sources */ = {isa = PBXBuildFile; fileRef = B130C0D41C3CFA3600E283DA /* SLStatusCell.m */; };
		B139E4911C53A142002013E5 /* SLComposeViewController.m in Sources */ = {isa = PBXBuildFile; fileRef = B139E4901C53A142002013E5 /* SLComposeViewController.m */; };
		B139E4941C53A196002013E5 /* SLComposeToolbar.m in Sources */ = {isa = PBXBuildFile; fileRef = B139E4931C53A196002013E5 /* SLComposeToolbar.m */; };
		B139E4971C53A2B2002013E5 /* SLTextView.m in Sources */ = {isa = PBXBuildFile; fileRef = B139E4961C53A2B2002013E5 /* SLTextView.m */; };
		B139E49A1C53A300002013E5 /* SLComposePhotosView.m in Sources */ = {isa = PBXBuildFile; fileRef = B139E4991C53A300002013E5 /* SLComposePhotosView.m */; };
		B139E49D1C53B2CF002013E5 /* SLHttpTool.m in Sources */ = {isa = PBXBuildFile; fileRef = B139E49C1C53B2CF002013E5 /* SLHttpTool.m */; };
		B13A22681C39DB3D00E2EF71 /* SLBadgeButton.m in Sources */ = {isa = PBXBuildFile; fileRef = B13A22671C39DB3D00E2EF71 /* SLBadgeButton.m */; };
		B13A226E1C3A0A7200E2EF71 /* SLNavigationController.m in Sources */ = {isa = PBXBuildFile; fileRef = B13A226D1C3A0A7200E2EF71 /* SLNavigationController.m */; };
		B13A22741C3A167300E2EF71 /* SLTitleBtn.m in Sources */ = {isa = PBXBuildFile; fileRef = B13A22731C3A167300E2EF71 /* SLTitleBtn.m */; };
		B13A22771C3A1A4D00E2EF71 /* SLSearchBar.m in Sources */ = {isa = PBXBuildFile; fileRef = B13A22761C3A1A4D00E2EF71 /* SLSearchBar.m */; };
		B13A227E1C3A1E9400E2EF71 /* SLNewPartController.m in Sources */ = {isa = PBXBuildFile; fileRef = B13A227D1C3A1E9400E2EF71 /* SLNewPartController.m */; };
		B13B3B431C3AAD2C00B0194A /* SLAuthorController.m in Sources */ = {isa = PBXBuildFile; fileRef = B13B3B421C3AAD2C00B0194A /* SLAuthorController.m */; };
		B13B3B5A1C3AB97600B0194A /* SLAccount.m in Sources */ = {isa = PBXBuildFile; fileRef = B13B3B591C3AB97600B0194A /* SLAccount.m */; };
		B1454FBE1C894B6300878914 /* SLSetController.m in Sources */ = {isa = PBXBuildFile; fileRef = B1454FBD1C894B6300878914 /* SLSetController.m */; };
		B16DE3841C3970B0007D300C /* SLDiscoverViewController.m in Sources */ = {isa = PBXBuildFile; fileRef = B16DE36B1C3970B0007D300C /* SLDiscoverViewController.m */; };
		B16DE3851C3970B0007D300C /* SLTabBarController.m in Sources */ = {isa = PBXBuildFile; fileRef = B16DE3751C3970B0007D300C /* SLTabBarController.m */; };
		B16DE3861C3970B0007D300C /* SLMeViewController.m in Sources */ = {isa = PBXBuildFile; fileRef = B16DE37B1C3970B0007D300C /* SLMeViewController.m */; };
		B16DE3871C3970B0007D300C /* SLMessageViewController.m in Sources */ = {isa = PBXBuildFile; fileRef = B16DE3811C3970B0007D300C /* SLMessageViewController.m */; };
		B16DE3901C397124007D300C /* SLHomeViewController.m in Sources */ = {isa = PBXBuildFile; fileRef = B16DE38F1C397124007D300C /* SLHomeViewController.m */; };
		B16DE3951C3976FD007D300C /* SLTabBar.m in Sources */ = {isa = PBXBuildFile; fileRef = B16DE3941C3976FD007D300C /* SLTabBar.m */; };
		B16DE39B1C397D1F007D300C /* SLTabBarButton.m in Sources */ = {isa = PBXBuildFile; fileRef = B16DE39A1C397D1F007D300C /* SLTabBarButton.m */; };
		B192316F1C43D789006BECCA /* SLPhoto.m in Sources */ = {isa = PBXBuildFile; fileRef = B192316E1C43D789006BECCA /* SLPhoto.m */; };
		B1B52006205442D900B6F9B8 /* Assets.xcassets in Resources */ = {isa = PBXBuildFile; fileRef = B1B52003205442D800B6F9B8 /* Assets.xcassets */; };
		B1B52007205442D900B6F9B8 /* main.m in Sources */ = {isa = PBXBuildFile; fileRef = B1B52004205442D800B6F9B8 /* main.m */; };
		B1B52015205442FC00B6F9B8 /* SLWeiboTool.m in Sources */ = {isa = PBXBuildFile; fileRef = B1B5200C205442FC00B6F9B8 /* SLWeiboTool.m */; };
		B1B52016205442FC00B6F9B8 /* NSString+SL.m in Sources */ = {isa = PBXBuildFile; fileRef = B1B5200D205442FC00B6F9B8 /* NSString+SL.m */; };
		B1B52017205442FC00B6F9B8 /* UIBarButtonItem+SL.m in Sources */ = {isa = PBXBuildFile; fileRef = B1B52011205442FC00B6F9B8 /* UIBarButtonItem+SL.m */; };
		B1B52018205442FC00B6F9B8 /* NSDate+MJ.m in Sources */ = {isa = PBXBuildFile; fileRef = B1B52013205442FC00B6F9B8 /* NSDate+MJ.m */; };
		B1B52019205442FC00B6F9B8 /* UIImage+SL.m in Sources */ = {isa = PBXBuildFile; fileRef = B1B52014205442FC00B6F9B8 /* UIImage+SL.m */; };
		B1B5202C2054431A00B6F9B8 /* MJPhotoLoadingView.m in Sources */ = {isa = PBXBuildFile; fileRef = B1B5201D2054431A00B6F9B8 /* MJPhotoLoadingView.m */; };
		B1B5202D2054431A00B6F9B8 /* MJPhotoView.m in Sources */ = {isa = PBXBuildFile; fileRef = B1B5201F2054431A00B6F9B8 /* MJPhotoView.m */; };
		B1B5202E2054431A00B6F9B8 /* MJPhotoBrowser.bundle in Resources */ = {isa = PBXBuildFile; fileRef = B1B520212054431A00B6F9B8 /* MJPhotoBrowser.bundle */; };
		B1B5202F2054431A00B6F9B8 /* MJPhoto.m in Sources */ = {isa = PBXBuildFile; fileRef = B1B520222054431A00B6F9B8 /* MJPhoto.m */; };
		B1B520302054431A00B6F9B8 /* MJPhotoToolbar.m in Sources */ = {isa = PBXBuildFile; fileRef = B1B520272054431A00B6F9B8 /* MJPhotoToolbar.m */; };
		B1B520312054431A00B6F9B8 /* MJPhotoProgressView.m in Sources */ = {isa = PBXBuildFile; fileRef = B1B520292054431A00B6F9B8 /* MJPhotoProgressView.m */; };
		B1B520322054431A00B6F9B8 /* SDWebImageManager+MJ.m in Sources */ = {isa = PBXBuildFile; fileRef = B1B5202A2054431A00B6F9B8 /* SDWebImageManager+MJ.m */; };
		B1B520332054431A00B6F9B8 /* MJPhotoBrowser.m in Sources */ = {isa = PBXBuildFile; fileRef = B1B5202B2054431A00B6F9B8 /* MJPhotoBrowser.m */; };
		B1B520382054433B00B6F9B8 /* AppDelegate.m in Sources */ = {isa = PBXBuildFile; fileRef = B1B520372054433A00B6F9B8 /* AppDelegate.m */; };
		B1B5203B2055744400B6F9B8 /* UITabBar+Fix.m in Sources */ = {isa = PBXBuildFile; fileRef = B1B5203A2055744400B6F9B8 /* UITabBar+Fix.m */; };
		B1B5203E20557A4D00B6F9B8 /* SLStatusLayout.m in Sources */ = {isa = PBXBuildFile; fileRef = B1B5203D20557A4D00B6F9B8 /* SLStatusLayout.m */; };
		B1D1B0022054CB7B004C0FB6 /* SLWeiboApiTool.m in Sources */ = {isa = PBXBuildFile; fileRef = B1D1B0012054CB7B004C0FB6 /* SLWeiboApiTool.m */; };
		B1D1B0052054D5A2004C0FB6 /* SLStatusCard.m in Sources */ = {isa = PBXBuildFile; fileRef = B1D1B0042054D5A2004C0FB6 /* SLStatusCard.m */; };
		B1D1B0122056491D004C0FB6 /* NSArray+SL.m in Sources */ = {isa = PBXBuildFile; fileRef = B1D1B0112056491D004C0FB6 /* NSArray+SL.m */; };
		B1D1B0152056492A004C0FB6 /* NSDictionary+SL.m in Sources */ = {isa = PBXBuildFile; fileRef = B1D1B0142056492A004C0FB6 /* NSDictionary+SL.m */; };
		B1D1B01720568C3C004C0FB6 /* unread_hot_timeline.json in Resources */ = {isa = PBXBuildFile; fileRef = B1D1B01620568C3C004C0FB6 /* unread_hot_timeline.json */; };
		B1D1B01A2057812F004C0FB6 /* UIColor+SL.m in Sources */ = {isa = PBXBuildFile; fileRef = B1D1B0192057812F004C0FB6 /* UIColor+SL.m */; };
/* End PBXBuildFile section */

/* Begin PBXFileReference section */
		039EFAA533FCA51666D44100 /* libPods-SLWeibo.a */ = {isa = PBXFileReference; explicitFileType = archive.ar; includeInIndex = 0; path = "libPods-SLWeibo.a"; sourceTree = BUILT_PRODUCTS_DIR; };
		49694CB5EC244A581B99BC7B /* Pods-SLWeibo.debug.xcconfig */ = {isa = PBXFileReference; includeInIndex = 1; lastKnownFileType = text.xcconfig; name = "Pods-SLWeibo.debug.xcconfig"; path = "Pods/Target Support Files/Pods-SLWeibo/Pods-SLWeibo.debug.xcconfig"; sourceTree = "<group>"; };
		B102CD261C3BEDEA00132E55 /* SLAccountTool.h */ = {isa = PBXFileReference; fileEncoding = 4; lastKnownFileType = sourcecode.c.h; path = SLAccountTool.h; sourceTree = "<group>"; };
		B102CD271C3BEDEA00132E55 /* SLAccountTool.m */ = {isa = PBXFileReference; fileEncoding = 4; lastKnownFileType = sourcecode.c.objc; path = SLAccountTool.m; sourceTree = "<group>"; };
		B102CD291C3BF2B100132E55 /* SLStatus.h */ = {isa = PBXFileReference; fileEncoding = 4; lastKnownFileType = sourcecode.c.h; path = SLStatus.h; sourceTree = "<group>"; };
		B102CD2A1C3BF2B100132E55 /* SLStatus.m */ = {isa = PBXFileReference; fileEncoding = 4; lastKnownFileType = sourcecode.c.objc; path = SLStatus.m; sourceTree = "<group>"; };
		B11E31D91C43E78500CDB5A4 /* SLPhotoView.h */ = {isa = PBXFileReference; fileEncoding = 4; lastKnownFileType = sourcecode.c.h; path = SLPhotoView.h; sourceTree = "<group>"; };
		B11E31DA1C43E78500CDB5A4 /* SLPhotoView.m */ = {isa = PBXFileReference; fileEncoding = 4; lastKnownFileType = sourcecode.c.objc; path = SLPhotoView.m; sourceTree = "<group>"; };
		B11E31DC1C43EA9A00CDB5A4 /* SLPhotosView.h */ = {isa = PBXFileReference; fileEncoding = 4; lastKnownFileType = sourcecode.c.h; path = SLPhotosView.h; sourceTree = "<group>"; };
		B11E31DD1C43EA9A00CDB5A4 /* SLPhotosView.m */ = {isa = PBXFileReference; fileEncoding = 4; lastKnownFileType = sourcecode.c.objc; path = SLPhotosView.m; sourceTree = "<group>"; };
		B130C0AD1C3CF75500E283DA /* SLUser.h */ = {isa = PBXFileReference; fileEncoding = 4; lastKnownFileType = sourcecode.c.h; path = SLUser.h; sourceTree = "<group>"; };
		B130C0AE1C3CF75500E283DA /* SLUser.m */ = {isa = PBXFileReference; fileEncoding = 4; lastKnownFileType = sourcecode.c.objc; path = SLUser.m; sourceTree = "<group>"; };
		B130C0D31C3CFA3600E283DA /* SLStatusCell.h */ = {isa = PBXFileReference; fileEncoding = 4; lastKnownFileType = sourcecode.c.h; path = SLStatusCell.h; sourceTree = "<group>"; };
		B130C0D41C3CFA3600E283DA /* SLStatusCell.m */ = {isa = PBXFileReference; fileEncoding = 4; lastKnownFileType = sourcecode.c.objc; path = SLStatusCell.m; sourceTree = "<group>"; };
		B139E48F1C53A142002013E5 /* SLComposeViewController.h */ = {isa = PBXFileReference; fileEncoding = 4; lastKnownFileType = sourcecode.c.h; path = SLComposeViewController.h; sourceTree = "<group>"; };
		B139E4901C53A142002013E5 /* SLComposeViewController.m */ = {isa = PBXFileReference; fileEncoding = 4; lastKnownFileType = sourcecode.c.objc; path = SLComposeViewController.m; sourceTree = "<group>"; };
		B139E4921C53A196002013E5 /* SLComposeToolbar.h */ = {isa = PBXFileReference; fileEncoding = 4; lastKnownFileType = sourcecode.c.h; path = SLComposeToolbar.h; sourceTree = "<group>"; };
		B139E4931C53A196002013E5 /* SLComposeToolbar.m */ = {isa = PBXFileReference; fileEncoding = 4; lastKnownFileType = sourcecode.c.objc; path = SLComposeToolbar.m; sourceTree = "<group>"; };
		B139E4951C53A2B2002013E5 /* SLTextView.h */ = {isa = PBXFileReference; fileEncoding = 4; lastKnownFileType = sourcecode.c.h; path = SLTextView.h; sourceTree = "<group>"; };
		B139E4961C53A2B2002013E5 /* SLTextView.m */ = {isa = PBXFileReference; fileEncoding = 4; lastKnownFileType = sourcecode.c.objc; path = SLTextView.m; sourceTree = "<group>"; };
		B139E4981C53A300002013E5 /* SLComposePhotosView.h */ = {isa = PBXFileReference; fileEncoding = 4; lastKnownFileType = sourcecode.c.h; path = SLComposePhotosView.h; sourceTree = "<group>"; };
		B139E4991C53A300002013E5 /* SLComposePhotosView.m */ = {isa = PBXFileReference; fileEncoding = 4; lastKnownFileType = sourcecode.c.objc; path = SLComposePhotosView.m; sourceTree = "<group>"; };
		B139E49B1C53B2CF002013E5 /* SLHttpTool.h */ = {isa = PBXFileReference; fileEncoding = 4; lastKnownFileType = sourcecode.c.h; path = SLHttpTool.h; sourceTree = "<group>"; };
		B139E49C1C53B2CF002013E5 /* SLHttpTool.m */ = {isa = PBXFileReference; fileEncoding = 4; lastKnownFileType = sourcecode.c.objc; path = SLHttpTool.m; sourceTree = "<group>"; };
		B13A22661C39DB3D00E2EF71 /* SLBadgeButton.h */ = {isa = PBXFileReference; fileEncoding = 4; lastKnownFileType = sourcecode.c.h; path = SLBadgeButton.h; sourceTree = "<group>"; };
		B13A22671C39DB3D00E2EF71 /* SLBadgeButton.m */ = {isa = PBXFileReference; fileEncoding = 4; lastKnownFileType = sourcecode.c.objc; path = SLBadgeButton.m; sourceTree = "<group>"; };
		B13A226C1C3A0A7200E2EF71 /* SLNavigationController.h */ = {isa = PBXFileReference; fileEncoding = 4; lastKnownFileType = sourcecode.c.h; path = SLNavigationController.h; sourceTree = "<group>"; };
		B13A226D1C3A0A7200E2EF71 /* SLNavigationController.m */ = {isa = PBXFileReference; fileEncoding = 4; lastKnownFileType = sourcecode.c.objc; path = SLNavigationController.m; sourceTree = "<group>"; };
		B13A22721C3A167300E2EF71 /* SLTitleBtn.h */ = {isa = PBXFileReference; fileEncoding = 4; lastKnownFileType = sourcecode.c.h; path = SLTitleBtn.h; sourceTree = "<group>"; };
		B13A22731C3A167300E2EF71 /* SLTitleBtn.m */ = {isa = PBXFileReference; fileEncoding = 4; lastKnownFileType = sourcecode.c.objc; path = SLTitleBtn.m; sourceTree = "<group>"; };
		B13A22751C3A1A4D00E2EF71 /* SLSearchBar.h */ = {isa = PBXFileReference; fileEncoding = 4; lastKnownFileType = sourcecode.c.h; path = SLSearchBar.h; sourceTree = "<group>"; };
		B13A22761C3A1A4D00E2EF71 /* SLSearchBar.m */ = {isa = PBXFileReference; fileEncoding = 4; lastKnownFileType = sourcecode.c.objc; path = SLSearchBar.m; sourceTree = "<group>"; };
		B13A227C1C3A1E9400E2EF71 /* SLNewPartController.h */ = {isa = PBXFileReference; fileEncoding = 4; lastKnownFileType = sourcecode.c.h; path = SLNewPartController.h; sourceTree = "<group>"; };
		B13A227D1C3A1E9400E2EF71 /* SLNewPartController.m */ = {isa = PBXFileReference; fileEncoding = 4; lastKnownFileType = sourcecode.c.objc; path = SLNewPartController.m; sourceTree = "<group>"; };
		B13B3B411C3AAD2C00B0194A /* SLAuthorController.h */ = {isa = PBXFileReference; fileEncoding = 4; lastKnownFileType = sourcecode.c.h; path = SLAuthorController.h; sourceTree = "<group>"; };
		B13B3B421C3AAD2C00B0194A /* SLAuthorController.m */ = {isa = PBXFileReference; fileEncoding = 4; lastKnownFileType = sourcecode.c.objc; path = SLAuthorController.m; sourceTree = "<group>"; };
		B13B3B581C3AB97600B0194A /* SLAccount.h */ = {isa = PBXFileReference; fileEncoding = 4; lastKnownFileType = sourcecode.c.h; path = SLAccount.h; sourceTree = "<group>"; };
		B13B3B591C3AB97600B0194A /* SLAccount.m */ = {isa = PBXFileReference; fileEncoding = 4; lastKnownFileType = sourcecode.c.objc; path = SLAccount.m; sourceTree = "<group>"; };
		B1454FBC1C894B6300878914 /* SLSetController.h */ = {isa = PBXFileReference; fileEncoding = 4; lastKnownFileType = sourcecode.c.h; path = SLSetController.h; sourceTree = "<group>"; };
		B1454FBD1C894B6300878914 /* SLSetController.m */ = {isa = PBXFileReference; fileEncoding = 4; lastKnownFileType = sourcecode.c.objc; path = SLSetController.m; sourceTree = "<group>"; };
		B16DE3331C3967E8007D300C /* SLWeibo.app */ = {isa = PBXFileReference; explicitFileType = wrapper.application; includeInIndex = 0; path = SLWeibo.app; sourceTree = BUILT_PRODUCTS_DIR; };
		B16DE36A1C3970B0007D300C /* SLDiscoverViewController.h */ = {isa = PBXFileReference; fileEncoding = 4; lastKnownFileType = sourcecode.c.h; path = SLDiscoverViewController.h; sourceTree = "<group>"; };
		B16DE36B1C3970B0007D300C /* SLDiscoverViewController.m */ = {isa = PBXFileReference; fileEncoding = 4; lastKnownFileType = sourcecode.c.objc; path = SLDiscoverViewController.m; sourceTree = "<group>"; };
		B16DE3741C3970B0007D300C /* SLTabBarController.h */ = {isa = PBXFileReference; fileEncoding = 4; lastKnownFileType = sourcecode.c.h; path = SLTabBarController.h; sourceTree = "<group>"; };
		B16DE3751C3970B0007D300C /* SLTabBarController.m */ = {isa = PBXFileReference; fileEncoding = 4; lastKnownFileType = sourcecode.c.objc; path = SLTabBarController.m; sourceTree = "<group>"; };
		B16DE37A1C3970B0007D300C /* SLMeViewController.h */ = {isa = PBXFileReference; fileEncoding = 4; lastKnownFileType = sourcecode.c.h; path = SLMeViewController.h; sourceTree = "<group>"; };
		B16DE37B1C3970B0007D300C /* SLMeViewController.m */ = {isa = PBXFileReference; fileEncoding = 4; lastKnownFileType = sourcecode.c.objc; path = SLMeViewController.m; sourceTree = "<group>"; };
		B16DE3801C3970B0007D300C /* SLMessageViewController.h */ = {isa = PBXFileReference; fileEncoding = 4; lastKnownFileType = sourcecode.c.h; path = SLMessageViewController.h; sourceTree = "<group>"; };
		B16DE3811C3970B0007D300C /* SLMessageViewController.m */ = {isa = PBXFileReference; fileEncoding = 4; lastKnownFileType = sourcecode.c.objc; path = SLMessageViewController.m; sourceTree = "<group>"; };
		B16DE38E1C397124007D300C /* SLHomeViewController.h */ = {isa = PBXFileReference; fileEncoding = 4; lastKnownFileType = sourcecode.c.h; path = SLHomeViewController.h; sourceTree = "<group>"; };
		B16DE38F1C397124007D300C /* SLHomeViewController.m */ = {isa = PBXFileReference; fileEncoding = 4; lastKnownFileType = sourcecode.c.objc; path = SLHomeViewController.m; sourceTree = "<group>"; };
		B16DE3931C3976FD007D300C /* SLTabBar.h */ = {isa = PBXFileReference; fileEncoding = 4; lastKnownFileType = sourcecode.c.h; path = SLTabBar.h; sourceTree = "<group>"; };
		B16DE3941C3976FD007D300C /* SLTabBar.m */ = {isa = PBXFileReference; fileEncoding = 4; lastKnownFileType = sourcecode.c.objc; path = SLTabBar.m; sourceTree = "<group>"; };
		B16DE3991C397D1F007D300C /* SLTabBarButton.h */ = {isa = PBXFileReference; fileEncoding = 4; lastKnownFileType = sourcecode.c.h; path = SLTabBarButton.h; sourceTree = "<group>"; };
		B16DE39A1C397D1F007D300C /* SLTabBarButton.m */ = {isa = PBXFileReference; fileEncoding = 4; lastKnownFileType = sourcecode.c.objc; path = SLTabBarButton.m; sourceTree = "<group>"; };
		B192316D1C43D789006BECCA /* SLPhoto.h */ = {isa = PBXFileReference; fileEncoding = 4; lastKnownFileType = sourcecode.c.h; path = SLPhoto.h; sourceTree = "<group>"; };
		B192316E1C43D789006BECCA /* SLPhoto.m */ = {isa = PBXFileReference; fileEncoding = 4; lastKnownFileType = sourcecode.c.objc; path = SLPhoto.m; sourceTree = "<group>"; };
		B1B52002205442D800B6F9B8 /* SLWeibo.pch */ = {isa = PBXFileReference; fileEncoding = 4; lastKnownFileType = sourcecode.c.h; path = SLWeibo.pch; sourceTree = "<group>"; };
		B1B52003205442D800B6F9B8 /* Assets.xcassets */ = {isa = PBXFileReference; lastKnownFileType = folder.assetcatalog; path = Assets.xcassets; sourceTree = "<group>"; };
		B1B52004205442D800B6F9B8 /* main.m */ = {isa = PBXFileReference; fileEncoding = 4; lastKnownFileType = sourcecode.c.objc; path = main.m; sourceTree = "<group>"; };
		B1B52005205442D800B6F9B8 /* Info.plist */ = {isa = PBXFileReference; fileEncoding = 4; lastKnownFileType = text.plist.xml; path = Info.plist; sourceTree = "<group>"; };
		B1B5200B205442FC00B6F9B8 /* UIBarButtonItem+SL.h */ = {isa = PBXFileReference; fileEncoding = 4; lastKnownFileType = sourcecode.c.h; path = "UIBarButtonItem+SL.h"; sourceTree = "<group>"; };
		B1B5200C205442FC00B6F9B8 /* SLWeiboTool.m */ = {isa = PBXFileReference; fileEncoding = 4; lastKnownFileType = sourcecode.c.objc; path = SLWeiboTool.m; sourceTree = "<group>"; };
		B1B5200D205442FC00B6F9B8 /* NSString+SL.m */ = {isa = PBXFileReference; fileEncoding = 4; lastKnownFileType = sourcecode.c.objc; path = "NSString+SL.m"; sourceTree = "<group>"; };
		B1B5200E205442FC00B6F9B8 /* UIImage+SL.h */ = {isa = PBXFileReference; fileEncoding = 4; lastKnownFileType = sourcecode.c.h; path = "UIImage+SL.h"; sourceTree = "<group>"; };
		B1B5200F205442FC00B6F9B8 /* NSDate+MJ.h */ = {isa = PBXFileReference; fileEncoding = 4; lastKnownFileType = sourcecode.c.h; path = "NSDate+MJ.h"; sourceTree = "<group>"; };
		B1B52010205442FC00B6F9B8 /* SLWeiboTool.h */ = {isa = PBXFileReference; fileEncoding = 4; lastKnownFileType = sourcecode.c.h; path = SLWeiboTool.h; sourceTree = "<group>"; };
		B1B52011205442FC00B6F9B8 /* UIBarButtonItem+SL.m */ = {isa = PBXFileReference; fileEncoding = 4; lastKnownFileType = sourcecode.c.objc; path = "UIBarButtonItem+SL.m"; sourceTree = "<group>"; };
		B1B52012205442FC00B6F9B8 /* NSString+SL.h */ = {isa = PBXFileReference; fileEncoding = 4; lastKnownFileType = sourcecode.c.h; path = "NSString+SL.h"; sourceTree = "<group>"; };
		B1B52013205442FC00B6F9B8 /* NSDate+MJ.m */ = {isa = PBXFileReference; fileEncoding = 4; lastKnownFileType = sourcecode.c.objc; path = "NSDate+MJ.m"; sourceTree = "<group>"; };
		B1B52014205442FC00B6F9B8 /* UIImage+SL.m */ = {isa = PBXFileReference; fileEncoding = 4; lastKnownFileType = sourcecode.c.objc; path = "UIImage+SL.m"; sourceTree = "<group>"; };
		B1B5201D2054431A00B6F9B8 /* MJPhotoLoadingView.m */ = {isa = PBXFileReference; fileEncoding = 4; lastKnownFileType = sourcecode.c.objc; path = MJPhotoLoadingView.m; sourceTree = "<group>"; };
		B1B5201E2054431A00B6F9B8 /* MJPhotoToolbar.h */ = {isa = PBXFileReference; fileEncoding = 4; lastKnownFileType = sourcecode.c.h; path = MJPhotoToolbar.h; sourceTree = "<group>"; };
		B1B5201F2054431A00B6F9B8 /* MJPhotoView.m */ = {isa = PBXFileReference; fileEncoding = 4; lastKnownFileType = sourcecode.c.objc; path = MJPhotoView.m; sourceTree = "<group>"; };
		B1B520202054431A00B6F9B8 /* MJPhotoProgressView.h */ = {isa = PBXFileReference; fileEncoding = 4; lastKnownFileType = sourcecode.c.h; path = MJPhotoProgressView.h; sourceTree = "<group>"; };
		B1B520212054431A00B6F9B8 /* MJPhotoBrowser.bundle */ = {isa = PBXFileReference; lastKnownFileType = "wrapper.plug-in"; path = MJPhotoBrowser.bundle; sourceTree = "<group>"; };
		B1B520222054431A00B6F9B8 /* MJPhoto.m */ = {isa = PBXFileReference; fileEncoding = 4; lastKnownFileType = sourcecode.c.objc; path = MJPhoto.m; sourceTree = "<group>"; };
		B1B520232054431A00B6F9B8 /* MJPhotoBrowser.h */ = {isa = PBXFileReference; fileEncoding = 4; lastKnownFileType = sourcecode.c.h; path = MJPhotoBrowser.h; sourceTree = "<group>"; };
		B1B520242054431A00B6F9B8 /* SDWebImageManager+MJ.h */ = {isa = PBXFileReference; fileEncoding = 4; lastKnownFileType = sourcecode.c.h; path = "SDWebImageManager+MJ.h"; sourceTree = "<group>"; };
		B1B520252054431A00B6F9B8 /* MJPhotoLoadingView.h */ = {isa = PBXFileReference; fileEncoding = 4; lastKnownFileType = sourcecode.c.h; path = MJPhotoLoadingView.h; sourceTree = "<group>"; };
		B1B520262054431A00B6F9B8 /* MJPhotoView.h */ = {isa = PBXFileReference; fileEncoding = 4; lastKnownFileType = sourcecode.c.h; path = MJPhotoView.h; sourceTree = "<group>"; };
		B1B520272054431A00B6F9B8 /* MJPhotoToolbar.m */ = {isa = PBXFileReference; fileEncoding = 4; lastKnownFileType = sourcecode.c.objc; path = MJPhotoToolbar.m; sourceTree = "<group>"; };
		B1B520282054431A00B6F9B8 /* MJPhoto.h */ = {isa = PBXFileReference; fileEncoding = 4; lastKnownFileType = sourcecode.c.h; path = MJPhoto.h; sourceTree = "<group>"; };
		B1B520292054431A00B6F9B8 /* MJPhotoProgressView.m */ = {isa = PBXFileReference; fileEncoding = 4; lastKnownFileType = sourcecode.c.objc; path = MJPhotoProgressView.m; sourceTree = "<group>"; };
		B1B5202A2054431A00B6F9B8 /* SDWebImageManager+MJ.m */ = {isa = PBXFileReference; fileEncoding = 4; lastKnownFileType = sourcecode.c.objc; path = "SDWebImageManager+MJ.m"; sourceTree = "<group>"; };
		B1B5202B2054431A00B6F9B8 /* MJPhotoBrowser.m */ = {isa = PBXFileReference; fileEncoding = 4; lastKnownFileType = sourcecode.c.objc; path = MJPhotoBrowser.m; sourceTree = "<group>"; };
		B1B520362054433A00B6F9B8 /* AppDelegate.h */ = {isa = PBXFileReference; fileEncoding = 4; lastKnownFileType = sourcecode.c.h; path = AppDelegate.h; sourceTree = "<group>"; };
		B1B520372054433A00B6F9B8 /* AppDelegate.m */ = {isa = PBXFileReference; fileEncoding = 4; lastKnownFileType = sourcecode.c.objc; path = AppDelegate.m; sourceTree = "<group>"; };
		B1B520392055744400B6F9B8 /* UITabBar+Fix.h */ = {isa = PBXFileReference; lastKnownFileType = sourcecode.c.h; path = "UITabBar+Fix.h"; sourceTree = "<group>"; };
		B1B5203A2055744400B6F9B8 /* UITabBar+Fix.m */ = {isa = PBXFileReference; lastKnownFileType = sourcecode.c.objc; path = "UITabBar+Fix.m"; sourceTree = "<group>"; };
		B1B5203C20557A4D00B6F9B8 /* SLStatusLayout.h */ = {isa = PBXFileReference; lastKnownFileType = sourcecode.c.h; path = SLStatusLayout.h; sourceTree = "<group>"; };
		B1B5203D20557A4D00B6F9B8 /* SLStatusLayout.m */ = {isa = PBXFileReference; lastKnownFileType = sourcecode.c.objc; path = SLStatusLayout.m; sourceTree = "<group>"; };
		B1D1B0002054CB7B004C0FB6 /* SLWeiboApiTool.h */ = {isa = PBXFileReference; lastKnownFileType = sourcecode.c.h; path = SLWeiboApiTool.h; sourceTree = "<group>"; };
		B1D1B0012054CB7B004C0FB6 /* SLWeiboApiTool.m */ = {isa = PBXFileReference; lastKnownFileType = sourcecode.c.objc; path = SLWeiboApiTool.m; sourceTree = "<group>"; };
		B1D1B0032054D5A2004C0FB6 /* SLStatusCard.h */ = {isa = PBXFileReference; lastKnownFileType = sourcecode.c.h; path = SLStatusCard.h; sourceTree = "<group>"; };
		B1D1B0042054D5A2004C0FB6 /* SLStatusCard.m */ = {isa = PBXFileReference; lastKnownFileType = sourcecode.c.objc; path = SLStatusCard.m; sourceTree = "<group>"; };
		B1D1B0102056491D004C0FB6 /* NSArray+SL.h */ = {isa = PBXFileReference; lastKnownFileType = sourcecode.c.h; path = "NSArray+SL.h"; sourceTree = "<group>"; };
		B1D1B0112056491D004C0FB6 /* NSArray+SL.m */ = {isa = PBXFileReference; lastKnownFileType = sourcecode.c.objc; path = "NSArray+SL.m"; sourceTree = "<group>"; };
		B1D1B0132056492A004C0FB6 /* NSDictionary+SL.h */ = {isa = PBXFileReference; lastKnownFileType = sourcecode.c.h; path = "NSDictionary+SL.h"; sourceTree = "<group>"; };
		B1D1B0142056492A004C0FB6 /* NSDictionary+SL.m */ = {isa = PBXFileReference; lastKnownFileType = sourcecode.c.objc; path = "NSDictionary+SL.m"; sourceTree = "<group>"; };
		B1D1B01620568C3C004C0FB6 /* unread_hot_timeline.json */ = {isa = PBXFileReference; fileEncoding = 4; lastKnownFileType = text.json; path = unread_hot_timeline.json; sourceTree = "<group>"; };
		B1D1B0182057812F004C0FB6 /* UIColor+SL.h */ = {isa = PBXFileReference; lastKnownFileType = sourcecode.c.h; path = "UIColor+SL.h"; sourceTree = "<group>"; };
		B1D1B0192057812F004C0FB6 /* UIColor+SL.m */ = {isa = PBXFileReference; lastKnownFileType = sourcecode.c.objc; path = "UIColor+SL.m"; sourceTree = "<group>"; };
		BEBD1931C0DD20D5A1F10DF0 /* Pods-SLWeibo.release.xcconfig */ = {isa = PBXFileReference; includeInIndex = 1; lastKnownFileType = text.xcconfig; name = "Pods-SLWeibo.release.xcconfig"; path = "Pods/Target Support Files/Pods-SLWeibo/Pods-SLWeibo.release.xcconfig"; sourceTree = "<group>"; };
/* End PBXFileReference section */

/* Begin PBXFrameworksBuildPhase section */
		B16DE3301C3967E8007D300C /* Frameworks */ = {
			isa = PBXFrameworksBuildPhase;
			buildActionMask = 2147483647;
			files = (
				1B61A8188CB2C57948A92D03 /* libPods-SLWeibo.a in Frameworks */,
			);
			runOnlyForDeploymentPostprocessing = 0;
		};
/* End PBXFrameworksBuildPhase section */

/* Begin PBXGroup section */
		27D92FDA44053824AB412DBD /* Frameworks */ = {
			isa = PBXGroup;
			children = (
				039EFAA533FCA51666D44100 /* libPods-SLWeibo.a */,
			);
			name = Frameworks;
			sourceTree = "<group>";
		};
		7C0C2DF4EFE0D7D271EF4CF0 /* Pods */ = {
			isa = PBXGroup;
			children = (
				49694CB5EC244A581B99BC7B /* Pods-SLWeibo.debug.xcconfig */,
				BEBD1931C0DD20D5A1F10DF0 /* Pods-SLWeibo.release.xcconfig */,
			);
			name = Pods;
			sourceTree = "<group>";
		};
		B139E48B1C53A10F002013E5 /* Compose */ = {
			isa = PBXGroup;
			children = (
				B139E48C1C53A10F002013E5 /* Controller */,
				B139E48E1C53A10F002013E5 /* View */,
			);
			path = Compose;
			sourceTree = "<group>";
		};
		B139E48C1C53A10F002013E5 /* Controller */ = {
			isa = PBXGroup;
			children = (
				B139E48F1C53A142002013E5 /* SLComposeViewController.h */,
				B139E4901C53A142002013E5 /* SLComposeViewController.m */,
			);
			path = Controller;
			sourceTree = "<group>";
		};
		B139E48E1C53A10F002013E5 /* View */ = {
			isa = PBXGroup;
			children = (
				B139E4921C53A196002013E5 /* SLComposeToolbar.h */,
				B139E4931C53A196002013E5 /* SLComposeToolbar.m */,
				B139E4951C53A2B2002013E5 /* SLTextView.h */,
				B139E4961C53A2B2002013E5 /* SLTextView.m */,
				B139E4981C53A300002013E5 /* SLComposePhotosView.h */,
				B139E4991C53A300002013E5 /* SLComposePhotosView.m */,
			);
			path = View;
			sourceTree = "<group>";
		};
		B13A22781C3A1E4500E2EF71 /* NewPart */ = {
			isa = PBXGroup;
			children = (
				B13A22791C3A1E4500E2EF71 /* Controller */,
			);
			path = NewPart;
			sourceTree = "<group>";
		};
		B13A22791C3A1E4500E2EF71 /* Controller */ = {
			isa = PBXGroup;
			children = (
				B13A227C1C3A1E9400E2EF71 /* SLNewPartController.h */,
				B13A227D1C3A1E9400E2EF71 /* SLNewPartController.m */,
			);
			path = Controller;
			sourceTree = "<group>";
		};
		B13B3B3D1C3AAD1100B0194A /* Author */ = {
			isa = PBXGroup;
			children = (
				B13B3B3E1C3AAD1100B0194A /* Controller */,
				B13B3B3F1C3AAD1100B0194A /* Model */,
			);
			path = Author;
			sourceTree = "<group>";
		};
		B13B3B3E1C3AAD1100B0194A /* Controller */ = {
			isa = PBXGroup;
			children = (
				B13B3B411C3AAD2C00B0194A /* SLAuthorController.h */,
				B13B3B421C3AAD2C00B0194A /* SLAuthorController.m */,
			);
			path = Controller;
			sourceTree = "<group>";
		};
		B13B3B3F1C3AAD1100B0194A /* Model */ = {
			isa = PBXGroup;
			children = (
			);
			path = Model;
			sourceTree = "<group>";
		};
		B16DE32A1C3967E8007D300C = {
			isa = PBXGroup;
			children = (
				B16DE3351C3967E8007D300C /* SLWeibo */,
				B16DE3341C3967E8007D300C /* Products */,
				7C0C2DF4EFE0D7D271EF4CF0 /* Pods */,
				27D92FDA44053824AB412DBD /* Frameworks */,
			);
			sourceTree = "<group>";
		};
		B16DE3341C3967E8007D300C /* Products */ = {
			isa = PBXGroup;
			children = (
				B16DE3331C3967E8007D300C /* SLWeibo.app */,
			);
			name = Products;
			sourceTree = "<group>";
		};
		B16DE3351C3967E8007D300C /* SLWeibo */ = {
			isa = PBXGroup;
			children = (
				B1B520352054433000B6F9B8 /* Controllers */,
				B1B520342054432300B6F9B8 /* Views */,
				B1B5201A2054430600B6F9B8 /* Models */,
				B1B52009205442FC00B6F9B8 /* Util */,
				B1B52001205442D800B6F9B8 /* Resources */,
				B1B5201B2054431A00B6F9B8 /* Vendor */,
				B1B520362054433A00B6F9B8 /* AppDelegate.h */,
				B1B520372054433A00B6F9B8 /* AppDelegate.m */,
			);
			path = SLWeibo;
			sourceTree = "<group>";
		};
		B16DE3681C3970B0007D300C /* Discover */ = {
			isa = PBXGroup;
			children = (
				B16DE3691C3970B0007D300C /* Controller */,
				B16DE36C1C3970B0007D300C /* Model */,
				B16DE36D1C3970B0007D300C /* View */,
			);
			path = Discover;
			sourceTree = "<group>";
		};
		B16DE3691C3970B0007D300C /* Controller */ = {
			isa = PBXGroup;
			children = (
				B16DE36A1C3970B0007D300C /* SLDiscoverViewController.h */,
				B16DE36B1C3970B0007D300C /* SLDiscoverViewController.m */,
			);
			path = Controller;
			sourceTree = "<group>";
		};
		B16DE36C1C3970B0007D300C /* Model */ = {
			isa = PBXGroup;
			children = (
			);
			path = Model;
			sourceTree = "<group>";
		};
		B16DE36D1C3970B0007D300C /* View */ = {
			isa = PBXGroup;
			children = (
				B13A22751C3A1A4D00E2EF71 /* SLSearchBar.h */,
				B13A22761C3A1A4D00E2EF71 /* SLSearchBar.m */,
			);
			path = View;
			sourceTree = "<group>";
		};
		B16DE36E1C3970B0007D300C /* Home */ = {
			isa = PBXGroup;
			children = (
				B16DE36F1C3970B0007D300C /* Controller */,
				B16DE3701C3970B0007D300C /* Model */,
				B16DE3711C3970B0007D300C /* View */,
			);
			path = Home;
			sourceTree = "<group>";
		};
		B16DE36F1C3970B0007D300C /* Controller */ = {
			isa = PBXGroup;
			children = (
				B16DE38E1C397124007D300C /* SLHomeViewController.h */,
				B16DE38F1C397124007D300C /* SLHomeViewController.m */,
			);
			path = Controller;
			sourceTree = "<group>";
		};
		B16DE3701C3970B0007D300C /* Model */ = {
			isa = PBXGroup;
			children = (
			);
			path = Model;
			sourceTree = "<group>";
		};
		B16DE3711C3970B0007D300C /* View */ = {
			isa = PBXGroup;
			children = (
				B13A22721C3A167300E2EF71 /* SLTitleBtn.h */,
				B13A22731C3A167300E2EF71 /* SLTitleBtn.m */,
				B11E31D91C43E78500CDB5A4 /* SLPhotoView.h */,
				B11E31DA1C43E78500CDB5A4 /* SLPhotoView.m */,
				B11E31DC1C43EA9A00CDB5A4 /* SLPhotosView.h */,
				B11E31DD1C43EA9A00CDB5A4 /* SLPhotosView.m */,
			);
			path = View;
			sourceTree = "<group>";
		};
		B16DE3721C3970B0007D300C /* Main */ = {
			isa = PBXGroup;
			children = (
				B16DE3731C3970B0007D300C /* Controller */,
				B16DE3771C3970B0007D300C /* View */,
			);
			path = Main;
			sourceTree = "<group>";
		};
		B16DE3731C3970B0007D300C /* Controller */ = {
			isa = PBXGroup;
			children = (
				B16DE3741C3970B0007D300C /* SLTabBarController.h */,
				B16DE3751C3970B0007D300C /* SLTabBarController.m */,
				B13A226C1C3A0A7200E2EF71 /* SLNavigationController.h */,
				B13A226D1C3A0A7200E2EF71 /* SLNavigationController.m */,
			);
			path = Controller;
			sourceTree = "<group>";
		};
		B16DE3771C3970B0007D300C /* View */ = {
			isa = PBXGroup;
			children = (
				B16DE3931C3976FD007D300C /* SLTabBar.h */,
				B16DE3941C3976FD007D300C /* SLTabBar.m */,
				B16DE3991C397D1F007D300C /* SLTabBarButton.h */,
				B16DE39A1C397D1F007D300C /* SLTabBarButton.m */,
				B13A22661C39DB3D00E2EF71 /* SLBadgeButton.h */,
				B13A22671C39DB3D00E2EF71 /* SLBadgeButton.m */,
				B1B520392055744400B6F9B8 /* UITabBar+Fix.h */,
				B1B5203A2055744400B6F9B8 /* UITabBar+Fix.m */,
			);
			path = View;
			sourceTree = "<group>";
		};
		B16DE3781C3970B0007D300C /* Me */ = {
			isa = PBXGroup;
			children = (
				B16DE3791C3970B0007D300C /* Controller */,
				B16DE37C1C3970B0007D300C /* Model */,
				B16DE37D1C3970B0007D300C /* View */,
			);
			path = Me;
			sourceTree = "<group>";
		};
		B16DE3791C3970B0007D300C /* Controller */ = {
			isa = PBXGroup;
			children = (
				B16DE37A1C3970B0007D300C /* SLMeViewController.h */,
				B16DE37B1C3970B0007D300C /* SLMeViewController.m */,
				B1454FBC1C894B6300878914 /* SLSetController.h */,
				B1454FBD1C894B6300878914 /* SLSetController.m */,
			);
			path = Controller;
			sourceTree = "<group>";
		};
		B16DE37C1C3970B0007D300C /* Model */ = {
			isa = PBXGroup;
			children = (
			);
			path = Model;
			sourceTree = "<group>";
		};
		B16DE37D1C3970B0007D300C /* View */ = {
			isa = PBXGroup;
			children = (
			);
			path = View;
			sourceTree = "<group>";
		};
		B16DE37E1C3970B0007D300C /* Message */ = {
			isa = PBXGroup;
			children = (
				B16DE37F1C3970B0007D300C /* Controller */,
				B16DE3821C3970B0007D300C /* Model */,
				B16DE3831C3970B0007D300C /* View */,
			);
			path = Message;
			sourceTree = "<group>";
		};
		B16DE37F1C3970B0007D300C /* Controller */ = {
			isa = PBXGroup;
			children = (
				B16DE3801C3970B0007D300C /* SLMessageViewController.h */,
				B16DE3811C3970B0007D300C /* SLMessageViewController.m */,
			);
			path = Controller;
			sourceTree = "<group>";
		};
		B16DE3821C3970B0007D300C /* Model */ = {
			isa = PBXGroup;
			children = (
			);
			path = Model;
			sourceTree = "<group>";
		};
		B16DE3831C3970B0007D300C /* View */ = {
			isa = PBXGroup;
			children = (
			);
			path = View;
			sourceTree = "<group>";
		};
		B1B52001205442D800B6F9B8 /* Resources */ = {
			isa = PBXGroup;
			children = (
				B1D1B01620568C3C004C0FB6 /* unread_hot_timeline.json */,
				B1B52002205442D800B6F9B8 /* SLWeibo.pch */,
				B1B52003205442D800B6F9B8 /* Assets.xcassets */,
				B1B52004205442D800B6F9B8 /* main.m */,
				B1B52005205442D800B6F9B8 /* Info.plist */,
			);
			path = Resources;
			sourceTree = "<group>";
		};
		B1B52009205442FC00B6F9B8 /* Util */ = {
			isa = PBXGroup;
			children = (
				B1B5200A205442FC00B6F9B8 /* Categories */,
				B1B52010205442FC00B6F9B8 /* SLWeiboTool.h */,
				B1B5200C205442FC00B6F9B8 /* SLWeiboTool.m */,
				B102CD261C3BEDEA00132E55 /* SLAccountTool.h */,
				B102CD271C3BEDEA00132E55 /* SLAccountTool.m */,
				B139E49B1C53B2CF002013E5 /* SLHttpTool.h */,
				B139E49C1C53B2CF002013E5 /* SLHttpTool.m */,
				B1D1B0002054CB7B004C0FB6 /* SLWeiboApiTool.h */,
				B1D1B0012054CB7B004C0FB6 /* SLWeiboApiTool.m */,
			);
			path = Util;
			sourceTree = "<group>";
		};
		B1B5200A205442FC00B6F9B8 /* Categories */ = {
			isa = PBXGroup;
			children = (
				B1B5200F205442FC00B6F9B8 /* NSDate+MJ.h */,
				B1B52013205442FC00B6F9B8 /* NSDate+MJ.m */,
				B1B52012205442FC00B6F9B8 /* NSString+SL.h */,
				B1B5200D205442FC00B6F9B8 /* NSString+SL.m */,
				B1B5200B205442FC00B6F9B8 /* UIBarButtonItem+SL.h */,
				B1B52011205442FC00B6F9B8 /* UIBarButtonItem+SL.m */,
				B1B5200E205442FC00B6F9B8 /* UIImage+SL.h */,
				B1B52014205442FC00B6F9B8 /* UIImage+SL.m */,
				B1D1B0102056491D004C0FB6 /* NSArray+SL.h */,
				B1D1B0112056491D004C0FB6 /* NSArray+SL.m */,
				B1D1B0132056492A004C0FB6 /* NSDictionary+SL.h */,
				B1D1B0142056492A004C0FB6 /* NSDictionary+SL.m */,
				B1D1B0182057812F004C0FB6 /* UIColor+SL.h */,
				B1D1B0192057812F004C0FB6 /* UIColor+SL.m */,
			);
			path = Categories;
			sourceTree = "<group>";
		};
		B1B5201A2054430600B6F9B8 /* Models */ = {
			isa = PBXGroup;
			children = (
				B13B3B581C3AB97600B0194A /* SLAccount.h */,
				B13B3B591C3AB97600B0194A /* SLAccount.m */,
				B102CD291C3BF2B100132E55 /* SLStatus.h */,
				B102CD2A1C3BF2B100132E55 /* SLStatus.m */,
				B130C0AD1C3CF75500E283DA /* SLUser.h */,
				B130C0AE1C3CF75500E283DA /* SLUser.m */,
				B192316D1C43D789006BECCA /* SLPhoto.h */,
				B192316E1C43D789006BECCA /* SLPhoto.m */,
				B1D1B0032054D5A2004C0FB6 /* SLStatusCard.h */,
				B1D1B0042054D5A2004C0FB6 /* SLStatusCard.m */,
			);
			path = Models;
			sourceTree = "<group>";
		};
		B1B5201B2054431A00B6F9B8 /* Vendor */ = {
			isa = PBXGroup;
			children = (
				B1B5201C2054431A00B6F9B8 /* MJPhotoBrowser */,
			);
			path = Vendor;
			sourceTree = "<group>";
		};
		B1B5201C2054431A00B6F9B8 /* MJPhotoBrowser */ = {
			isa = PBXGroup;
			children = (
				B1B5201D2054431A00B6F9B8 /* MJPhotoLoadingView.m */,
				B1B5201E2054431A00B6F9B8 /* MJPhotoToolbar.h */,
				B1B5201F2054431A00B6F9B8 /* MJPhotoView.m */,
				B1B520202054431A00B6F9B8 /* MJPhotoProgressView.h */,
				B1B520212054431A00B6F9B8 /* MJPhotoBrowser.bundle */,
				B1B520222054431A00B6F9B8 /* MJPhoto.m */,
				B1B520232054431A00B6F9B8 /* MJPhotoBrowser.h */,
				B1B520242054431A00B6F9B8 /* SDWebImageManager+MJ.h */,
				B1B520252054431A00B6F9B8 /* MJPhotoLoadingView.h */,
				B1B520262054431A00B6F9B8 /* MJPhotoView.h */,
				B1B520272054431A00B6F9B8 /* MJPhotoToolbar.m */,
				B1B520282054431A00B6F9B8 /* MJPhoto.h */,
				B1B520292054431A00B6F9B8 /* MJPhotoProgressView.m */,
				B1B5202A2054431A00B6F9B8 /* SDWebImageManager+MJ.m */,
				B1B5202B2054431A00B6F9B8 /* MJPhotoBrowser.m */,
			);
			path = MJPhotoBrowser;
			sourceTree = "<group>";
		};
		B1B520342054432300B6F9B8 /* Views */ = {
			isa = PBXGroup;
			children = (
				B1D1B0062054DE1A004C0FB6 /* StatusCell */,
			);
			path = Views;
			sourceTree = "<group>";
		};
		B1B520352054433000B6F9B8 /* Controllers */ = {
			isa = PBXGroup;
			children = (
				B16DE3721C3970B0007D300C /* Main */,
				B139E48B1C53A10F002013E5 /* Compose */,
				B13B3B3D1C3AAD1100B0194A /* Author */,
				B13A22781C3A1E4500E2EF71 /* NewPart */,
				B16DE36E1C3970B0007D300C /* Home */,
				B16DE3681C3970B0007D300C /* Discover */,
				B16DE3781C3970B0007D300C /* Me */,
				B16DE37E1C3970B0007D300C /* Message */,
			);
			path = Controllers;
			sourceTree = "<group>";
		};
		B1D1B0062054DE1A004C0FB6 /* StatusCell */ = {
			isa = PBXGroup;
			children = (
				B130C0D31C3CFA3600E283DA /* SLStatusCell.h */,
				B130C0D41C3CFA3600E283DA /* SLStatusCell.m */,
				B1B5203C20557A4D00B6F9B8 /* SLStatusLayout.h */,
				B1B5203D20557A4D00B6F9B8 /* SLStatusLayout.m */,
			);
			path = StatusCell;
			sourceTree = "<group>";
		};
/* End PBXGroup section */

/* Begin PBXNativeTarget section */
		B16DE3321C3967E8007D300C /* SLWeibo */ = {
			isa = PBXNativeTarget;
			buildConfigurationList = B16DE34A1C3967E8007D300C /* Build configuration list for PBXNativeTarget "SLWeibo" */;
			buildPhases = (
				23E7371DEAA425393E1AC207 /* [CP] Check Pods Manifest.lock */,
				B16DE32F1C3967E8007D300C /* Sources */,
				B16DE3301C3967E8007D300C /* Frameworks */,
				B16DE3311C3967E8007D300C /* Resources */,
				E3FD62BD316109DF9B5E050C /* [CP] Embed Pods Frameworks */,
				FF7F2E7E1CA4F5FC8965D729 /* [CP] Copy Pods Resources */,
			);
			buildRules = (
			);
			dependencies = (
			);
			name = SLWeibo;
			productName = SLWeibo;
			productReference = B16DE3331C3967E8007D300C /* SLWeibo.app */;
			productType = "com.apple.product-type.application";
		};
/* End PBXNativeTarget section */

/* Begin PBXProject section */
		B16DE32B1C3967E8007D300C /* Project object */ = {
			isa = PBXProject;
			attributes = {
				LastUpgradeCheck = 0920;
				ORGANIZATIONNAME = cn.Xsoft;
				TargetAttributes = {
					B16DE3321C3967E8007D300C = {
						CreatedOnToolsVersion = 7.0.1;
						DevelopmentTeam = 3S73583C2C;
					};
				};
			};
			buildConfigurationList = B16DE32E1C3967E8007D300C /* Build configuration list for PBXProject "SLWeibo" */;
			compatibilityVersion = "Xcode 3.2";
			developmentRegion = English;
			hasScannedForEncodings = 0;
			knownRegions = (
				en,
				Base,
			);
			mainGroup = B16DE32A1C3967E8007D300C;
			productRefGroup = B16DE3341C3967E8007D300C /* Products */;
			projectDirPath = "";
			projectRoot = "";
			targets = (
				B16DE3321C3967E8007D300C /* SLWeibo */,
			);
		};
/* End PBXProject section */

/* Begin PBXResourcesBuildPhase section */
		B16DE3311C3967E8007D300C /* Resources */ = {
			isa = PBXResourcesBuildPhase;
			buildActionMask = 2147483647;
			files = (
				B1B5202E2054431A00B6F9B8 /* MJPhotoBrowser.bundle in Resources */,
				B1B52006205442D900B6F9B8 /* Assets.xcassets in Resources */,
				B1D1B01720568C3C004C0FB6 /* unread_hot_timeline.json in Resources */,
			);
			runOnlyForDeploymentPostprocessing = 0;
		};
/* End PBXResourcesBuildPhase section */

/* Begin PBXShellScriptBuildPhase section */
		23E7371DEAA425393E1AC207 /* [CP] Check Pods Manifest.lock */ = {
			isa = PBXShellScriptBuildPhase;
			buildActionMask = 2147483647;
			files = (
			);
			inputPaths = (
				"${PODS_PODFILE_DIR_PATH}/Podfile.lock",
				"${PODS_ROOT}/Manifest.lock",
			);
			name = "[CP] Check Pods Manifest.lock";
			outputPaths = (
				"$(DERIVED_FILE_DIR)/Pods-SLWeibo-checkManifestLockResult.txt",
			);
			runOnlyForDeploymentPostprocessing = 0;
			shellPath = /bin/sh;
			shellScript = "diff \"${PODS_PODFILE_DIR_PATH}/Podfile.lock\" \"${PODS_ROOT}/Manifest.lock\" > /dev/null\nif [ $? != 0 ] ; then\n    # print error to STDERR\n    echo \"error: The sandbox is not in sync with the Podfile.lock. Run 'pod install' or update your CocoaPods installation.\" >&2\n    exit 1\nfi\n# This output is used by Xcode 'outputs' to avoid re-running this script phase.\necho \"SUCCESS\" > \"${SCRIPT_OUTPUT_FILE_0}\"\n";
			showEnvVarsInLog = 0;
		};
		E3FD62BD316109DF9B5E050C /* [CP] Embed Pods Frameworks */ = {
			isa = PBXShellScriptBuildPhase;
			buildActionMask = 2147483647;
			files = (
			);
			inputPaths = (
			);
			name = "[CP] Embed Pods Frameworks";
			outputPaths = (
			);
			runOnlyForDeploymentPostprocessing = 0;
			shellPath = /bin/sh;
			shellScript = "\"${SRCROOT}/Pods/Target Support Files/Pods-SLWeibo/Pods-SLWeibo-frameworks.sh\"\n";
			showEnvVarsInLog = 0;
		};
		FF7F2E7E1CA4F5FC8965D729 /* [CP] Copy Pods Resources */ = {
			isa = PBXShellScriptBuildPhase;
			buildActionMask = 2147483647;
			files = (
			);
			inputPaths = (
				"${SRCROOT}/Pods/Target Support Files/Pods-SLWeibo/Pods-SLWeibo-resources.sh",
				"${PODS_ROOT}/MJRefresh/MJRefresh/MJRefresh.bundle",
			);
			name = "[CP] Copy Pods Resources";
			outputPaths = (
				"${TARGET_BUILD_DIR}/${UNLOCALIZED_RESOURCES_FOLDER_PATH}/MJRefresh.bundle",
			);
			runOnlyForDeploymentPostprocessing = 0;
			shellPath = /bin/sh;
			shellScript = "\"${SRCROOT}/Pods/Target Support Files/Pods-SLWeibo/Pods-SLWeibo-resources.sh\"\n";
			showEnvVarsInLog = 0;
		};
/* End PBXShellScriptBuildPhase section */

/* Begin PBXSourcesBuildPhase section */
		B16DE32F1C3967E8007D300C /* Sources */ = {
			isa = PBXSourcesBuildPhase;
			buildActionMask = 2147483647;
			files = (
				B102CD281C3BEDEA00132E55 /* SLAccountTool.m in Sources */,
				B1B5202D2054431A00B6F9B8 /* MJPhotoView.m in Sources */,
				B16DE3951C3976FD007D300C /* SLTabBar.m in Sources */,
				B1D1B0052054D5A2004C0FB6 /* SLStatusCard.m in Sources */,
				B139E4911C53A142002013E5 /* SLComposeViewController.m in Sources */,
				B16DE39B1C397D1F007D300C /* SLTabBarButton.m in Sources */,
				B102CD2B1C3BF2B100132E55 /* SLStatus.m in Sources */,
				B1D1B0122056491D004C0FB6 /* NSArray+SL.m in Sources */,
				B1B52007205442D900B6F9B8 /* main.m in Sources */,
				B1B52018205442FC00B6F9B8 /* NSDate+MJ.m in Sources */,
				B11E31DE1C43EA9A00CDB5A4 /* SLPhotosView.m in Sources */,
				B1B52015205442FC00B6F9B8 /* SLWeiboTool.m in Sources */,
				B139E49A1C53A300002013E5 /* SLComposePhotosView.m in Sources */,
				B13A227E1C3A1E9400E2EF71 /* SLNewPartController.m in Sources */,
				B130C0D51C3CFA3600E283DA /* SLStatusCell.m in Sources */,
				B1B52017205442FC00B6F9B8 /* UIBarButtonItem+SL.m in Sources */,
				B1B5203E20557A4D00B6F9B8 /* SLStatusLayout.m in Sources */,
				B1B520312054431A00B6F9B8 /* MJPhotoProgressView.m in Sources */,
				B16DE3851C3970B0007D300C /* SLTabBarController.m in Sources */,
				B1B520302054431A00B6F9B8 /* MJPhotoToolbar.m in Sources */,
				B1D1B0022054CB7B004C0FB6 /* SLWeiboApiTool.m in Sources */,
				B192316F1C43D789006BECCA /* SLPhoto.m in Sources */,
				B16DE3861C3970B0007D300C /* SLMeViewController.m in Sources */,
				B16DE3841C3970B0007D300C /* SLDiscoverViewController.m in Sources */,
				B130C0AF1C3CF75500E283DA /* SLUser.m in Sources */,
				B1B5202F2054431A00B6F9B8 /* MJPhoto.m in Sources */,
				B1B52016205442FC00B6F9B8 /* NSString+SL.m in Sources */,
				B139E49D1C53B2CF002013E5 /* SLHttpTool.m in Sources */,
				B1B52019205442FC00B6F9B8 /* UIImage+SL.m in Sources */,
				B1B5202C2054431A00B6F9B8 /* MJPhotoLoadingView.m in Sources */,
				B139E4971C53A2B2002013E5 /* SLTextView.m in Sources */,
				B1B520382054433B00B6F9B8 /* AppDelegate.m in Sources */,
				B16DE3871C3970B0007D300C /* SLMessageViewController.m in Sources */,
				B13B3B431C3AAD2C00B0194A /* SLAuthorController.m in Sources */,
				B13A22681C39DB3D00E2EF71 /* SLBadgeButton.m in Sources */,
				B11E31DB1C43E78500CDB5A4 /* SLPhotoView.m in Sources */,
				B13A22771C3A1A4D00E2EF71 /* SLSearchBar.m in Sources */,
				B13B3B5A1C3AB97600B0194A /* SLAccount.m in Sources */,
				B139E4941C53A196002013E5 /* SLComposeToolbar.m in Sources */,
				B13A226E1C3A0A7200E2EF71 /* SLNavigationController.m in Sources */,
				B13A22741C3A167300E2EF71 /* SLTitleBtn.m in Sources */,
				B1B520332054431A00B6F9B8 /* MJPhotoBrowser.m in Sources */,
				B1B520322054431A00B6F9B8 /* SDWebImageManager+MJ.m in Sources */,
				B1B5203B2055744400B6F9B8 /* UITabBar+Fix.m in Sources */,
				B1D1B0152056492A004C0FB6 /* NSDictionary+SL.m in Sources */,
				B16DE3901C397124007D300C /* SLHomeViewController.m in Sources */,
				B1D1B01A2057812F004C0FB6 /* UIColor+SL.m in Sources */,
				B1454FBE1C894B6300878914 /* SLSetController.m in Sources */,
			);
			runOnlyForDeploymentPostprocessing = 0;
		};
/* End PBXSourcesBuildPhase section */

/* Begin XCBuildConfiguration section */
		B16DE3481C3967E8007D300C /* Debug */ = {
			isa = XCBuildConfiguration;
			buildSettings = {
				ALWAYS_SEARCH_USER_PATHS = NO;
				CLANG_CXX_LANGUAGE_STANDARD = "gnu++0x";
				CLANG_CXX_LIBRARY = "libc++";
				CLANG_ENABLE_MODULES = YES;
				CLANG_ENABLE_OBJC_ARC = YES;
				CLANG_WARN_BLOCK_CAPTURE_AUTORELEASING = YES;
				CLANG_WARN_BOOL_CONVERSION = YES;
				CLANG_WARN_COMMA = YES;
				CLANG_WARN_CONSTANT_CONVERSION = YES;
				CLANG_WARN_DIRECT_OBJC_ISA_USAGE = YES_ERROR;
				CLANG_WARN_EMPTY_BODY = YES;
				CLANG_WARN_ENUM_CONVERSION = YES;
				CLANG_WARN_INFINITE_RECURSION = YES;
				CLANG_WARN_INT_CONVERSION = YES;
				CLANG_WARN_NON_LITERAL_NULL_CONVERSION = YES;
				CLANG_WARN_OBJC_LITERAL_CONVERSION = YES;
				CLANG_WARN_OBJC_ROOT_CLASS = YES_ERROR;
				CLANG_WARN_RANGE_LOOP_ANALYSIS = YES;
				CLANG_WARN_STRICT_PROTOTYPES = YES;
				CLANG_WARN_SUSPICIOUS_MOVE = YES;
				CLANG_WARN_UNREACHABLE_CODE = YES;
				CLANG_WARN__DUPLICATE_METHOD_MATCH = YES;
				"CODE_SIGN_IDENTITY[sdk=iphoneos*]" = "iPhone Developer";
				COPY_PHASE_STRIP = NO;
				DEBUG_INFORMATION_FORMAT = dwarf;
				ENABLE_STRICT_OBJC_MSGSEND = YES;
				ENABLE_TESTABILITY = YES;
				GCC_C_LANGUAGE_STANDARD = gnu99;
				GCC_DYNAMIC_NO_PIC = NO;
				GCC_NO_COMMON_BLOCKS = YES;
				GCC_OPTIMIZATION_LEVEL = 0;
				GCC_PREPROCESSOR_DEFINITIONS = (
					"DEBUG=1",
					"$(inherited)",
				);
				GCC_WARN_64_TO_32_BIT_CONVERSION = YES;
				GCC_WARN_ABOUT_RETURN_TYPE = YES_ERROR;
				GCC_WARN_UNDECLARED_SELECTOR = YES;
				GCC_WARN_UNINITIALIZED_AUTOS = YES_AGGRESSIVE;
				GCC_WARN_UNUSED_FUNCTION = YES;
				GCC_WARN_UNUSED_VARIABLE = YES;
				IPHONEOS_DEPLOYMENT_TARGET = 9.0;
				MTL_ENABLE_DEBUG_INFO = YES;
				ONLY_ACTIVE_ARCH = YES;
				SDKROOT = iphoneos;
			};
			name = Debug;
		};
		B16DE3491C3967E8007D300C /* Release */ = {
			isa = XCBuildConfiguration;
			buildSettings = {
				ALWAYS_SEARCH_USER_PATHS = NO;
				CLANG_CXX_LANGUAGE_STANDARD = "gnu++0x";
				CLANG_CXX_LIBRARY = "libc++";
				CLANG_ENABLE_MODULES = YES;
				CLANG_ENABLE_OBJC_ARC = YES;
				CLANG_WARN_BLOCK_CAPTURE_AUTORELEASING = YES;
				CLANG_WARN_BOOL_CONVERSION = YES;
				CLANG_WARN_COMMA = YES;
				CLANG_WARN_CONSTANT_CONVERSION = YES;
				CLANG_WARN_DIRECT_OBJC_ISA_USAGE = YES_ERROR;
				CLANG_WARN_EMPTY_BODY = YES;
				CLANG_WARN_ENUM_CONVERSION = YES;
				CLANG_WARN_INFINITE_RECURSION = YES;
				CLANG_WARN_INT_CONVERSION = YES;
				CLANG_WARN_NON_LITERAL_NULL_CONVERSION = YES;
				CLANG_WARN_OBJC_LITERAL_CONVERSION = YES;
				CLANG_WARN_OBJC_ROOT_CLASS = YES_ERROR;
				CLANG_WARN_RANGE_LOOP_ANALYSIS = YES;
				CLANG_WARN_STRICT_PROTOTYPES = YES;
				CLANG_WARN_SUSPICIOUS_MOVE = YES;
				CLANG_WARN_UNREACHABLE_CODE = YES;
				CLANG_WARN__DUPLICATE_METHOD_MATCH = YES;
				"CODE_SIGN_IDENTITY[sdk=iphoneos*]" = "iPhone Developer";
				COPY_PHASE_STRIP = NO;
				DEBUG_INFORMATION_FORMAT = "dwarf-with-dsym";
				ENABLE_NS_ASSERTIONS = NO;
				ENABLE_STRICT_OBJC_MSGSEND = YES;
				GCC_C_LANGUAGE_STANDARD = gnu99;
				GCC_NO_COMMON_BLOCKS = YES;
				GCC_WARN_64_TO_32_BIT_CONVERSION = YES;
				GCC_WARN_ABOUT_RETURN_TYPE = YES_ERROR;
				GCC_WARN_UNDECLARED_SELECTOR = YES;
				GCC_WARN_UNINITIALIZED_AUTOS = YES_AGGRESSIVE;
				GCC_WARN_UNUSED_FUNCTION = YES;
				GCC_WARN_UNUSED_VARIABLE = YES;
				IPHONEOS_DEPLOYMENT_TARGET = 9.0;
				MTL_ENABLE_DEBUG_INFO = NO;
				SDKROOT = iphoneos;
				VALIDATE_PRODUCT = YES;
			};
			name = Release;
		};
		B16DE34B1C3967E8007D300C /* Debug */ = {
			isa = XCBuildConfiguration;
			baseConfigurationReference = 49694CB5EC244A581B99BC7B /* Pods-SLWeibo.debug.xcconfig */;
			buildSettings = {
				ASSETCATALOG_COMPILER_APPICON_NAME = AppIcon;
				ASSETCATALOG_COMPILER_LAUNCHIMAGE_NAME = LaunchImage;
				CODE_SIGN_IDENTITY = "iPhone Developer";
				DEVELOPMENT_TEAM = 3S73583C2C;
				GCC_PRECOMPILE_PREFIX_HEADER = YES;
				GCC_PREFIX_HEADER = SLWeibo/Resources/SLWeibo.pch;
				INFOPLIST_FILE = "$(SRCROOT)/SLWeibo/Resources/Info.plist";
				IPHONEOS_DEPLOYMENT_TARGET = 9.0;
				LD_RUNPATH_SEARCH_PATHS = "$(inherited) @executable_path/Frameworks";
				PRODUCT_BUNDLE_IDENTIFIER = cn.Xsoft.SLWeibo;
				PRODUCT_NAME = "$(TARGET_NAME)";
			};
			name = Debug;
		};
		B16DE34C1C3967E8007D300C /* Release */ = {
			isa = XCBuildConfiguration;
			baseConfigurationReference = BEBD1931C0DD20D5A1F10DF0 /* Pods-SLWeibo.release.xcconfig */;
			buildSettings = {
				ASSETCATALOG_COMPILER_APPICON_NAME = AppIcon;
				ASSETCATALOG_COMPILER_LAUNCHIMAGE_NAME = LaunchImage;
				CODE_SIGN_IDENTITY = "iPhone Developer";
				DEVELOPMENT_TEAM = 3S73583C2C;
				GCC_PRECOMPILE_PREFIX_HEADER = YES;
				GCC_PREFIX_HEADER = SLWeibo/Resources/SLWeibo.pch;
				INFOPLIST_FILE = "$(SRCROOT)/SLWeibo/Resources/Info.plist";
				IPHONEOS_DEPLOYMENT_TARGET = 9.0;
				LD_RUNPATH_SEARCH_PATHS = "$(inherited) @executable_path/Frameworks";
				PRODUCT_BUNDLE_IDENTIFIER = cn.Xsoft.SLWeibo;
				PRODUCT_NAME = "$(TARGET_NAME)";
			};
			name = Release;
		};
/* End XCBuildConfiguration section */

/* Begin XCConfigurationList section */
		B16DE32E1C3967E8007D300C /* Build configuration list for PBXProject "SLWeibo" */ = {
			isa = XCConfigurationList;
			buildConfigurations = (
				B16DE3481C3967E8007D300C /* Debug */,
				B16DE3491C3967E8007D300C /* Release */,
			);
			defaultConfigurationIsVisible = 0;
			defaultConfigurationName = Release;
		};
		B16DE34A1C3967E8007D300C /* Build configuration list for PBXNativeTarget "SLWeibo" */ = {
			isa = XCConfigurationList;
			buildConfigurations = (
				B16DE34B1C3967E8007D300C /* Debug */,
				B16DE34C1C3967E8007D300C /* Release */,
			);
			defaultConfigurationIsVisible = 0;
			defaultConfigurationName = Release;
		};
/* End XCConfigurationList section */
	};
	rootObject = B16DE32B1C3967E8007D300C /* Project object */;
}
