// !$*UTF8*$!
{
	archiveVersion = 1;
	classes = {
	};
	objectVersion = 46;
	objects = {

/* Begin PBXBuildFile section */
		1B61A8188CB2C57948A92D03 /* libPods-SLWeibo.a in Frameworks */ = {isa = PBXBuildFile; fileRef = 039EFAA533FCA51666D44100 /* libPods-SLWeibo.a */; };
		B102CD241C3BEC9B00132E55 /* SLWeiboTool.m in Sources */ = {isa = PBXBuildFile; fileRef = B102CD231C3BEC9B00132E55 /* SLWeiboTool.m */; settings = {ASSET_TAGS = (); }; };
		B102CD281C3BEDEA00132E55 /* SLAccountTool.m in Sources */ = {isa = PBXBuildFile; fileRef = B102CD271C3BEDEA00132E55 /* SLAccountTool.m */; settings = {ASSET_TAGS = (); }; };
		B102CD2B1C3BF2B100132E55 /* SLStatus.m in Sources */ = {isa = PBXBuildFile; fileRef = B102CD2A1C3BF2B100132E55 /* SLStatus.m */; settings = {ASSET_TAGS = (); }; };
		B102CD4E1C3BF67300132E55 /* MKAnnotationView+WebCache.m in Sources */ = {isa = PBXBuildFile; fileRef = B102CD2E1C3BF67300132E55 /* MKAnnotationView+WebCache.m */; settings = {ASSET_TAGS = (); }; };
		B102CD4F1C3BF67300132E55 /* NSData+ImageContentType.m in Sources */ = {isa = PBXBuildFile; fileRef = B102CD301C3BF67300132E55 /* NSData+ImageContentType.m */; settings = {ASSET_TAGS = (); }; };
		B102CD501C3BF67300132E55 /* SDImageCache.m in Sources */ = {isa = PBXBuildFile; fileRef = B102CD321C3BF67300132E55 /* SDImageCache.m */; settings = {ASSET_TAGS = (); }; };
		B102CD511C3BF67300132E55 /* SDWebImageCompat.m in Sources */ = {isa = PBXBuildFile; fileRef = B102CD341C3BF67300132E55 /* SDWebImageCompat.m */; settings = {ASSET_TAGS = (); }; };
		B102CD521C3BF67300132E55 /* SDWebImageDecoder.m in Sources */ = {isa = PBXBuildFile; fileRef = B102CD361C3BF67300132E55 /* SDWebImageDecoder.m */; settings = {ASSET_TAGS = (); }; };
		B102CD531C3BF67300132E55 /* SDWebImageDownloader.m in Sources */ = {isa = PBXBuildFile; fileRef = B102CD381C3BF67300132E55 /* SDWebImageDownloader.m */; settings = {ASSET_TAGS = (); }; };
		B102CD541C3BF67300132E55 /* SDWebImageDownloaderOperation.m in Sources */ = {isa = PBXBuildFile; fileRef = B102CD3A1C3BF67300132E55 /* SDWebImageDownloaderOperation.m */; settings = {ASSET_TAGS = (); }; };
		B102CD551C3BF67300132E55 /* SDWebImageManager.m in Sources */ = {isa = PBXBuildFile; fileRef = B102CD3C1C3BF67300132E55 /* SDWebImageManager.m */; settings = {ASSET_TAGS = (); }; };
		B102CD561C3BF67300132E55 /* SDWebImagePrefetcher.m in Sources */ = {isa = PBXBuildFile; fileRef = B102CD3F1C3BF67300132E55 /* SDWebImagePrefetcher.m */; settings = {ASSET_TAGS = (); }; };
		B102CD571C3BF67300132E55 /* UIButton+WebCache.m in Sources */ = {isa = PBXBuildFile; fileRef = B102CD411C3BF67300132E55 /* UIButton+WebCache.m */; settings = {ASSET_TAGS = (); }; };
		B102CD581C3BF67300132E55 /* UIImage+GIF.m in Sources */ = {isa = PBXBuildFile; fileRef = B102CD431C3BF67300132E55 /* UIImage+GIF.m */; settings = {ASSET_TAGS = (); }; };
		B102CD591C3BF67300132E55 /* UIImage+MultiFormat.m in Sources */ = {isa = PBXBuildFile; fileRef = B102CD451C3BF67300132E55 /* UIImage+MultiFormat.m */; settings = {ASSET_TAGS = (); }; };
		B102CD5A1C3BF67300132E55 /* UIImage+WebP.m in Sources */ = {isa = PBXBuildFile; fileRef = B102CD471C3BF67300132E55 /* UIImage+WebP.m */; settings = {ASSET_TAGS = (); }; };
		B102CD5B1C3BF67300132E55 /* UIImageView+HighlightedWebCache.m in Sources */ = {isa = PBXBuildFile; fileRef = B102CD491C3BF67300132E55 /* UIImageView+HighlightedWebCache.m */; settings = {ASSET_TAGS = (); }; };
		B102CD5C1C3BF67300132E55 /* UIImageView+WebCache.m in Sources */ = {isa = PBXBuildFile; fileRef = B102CD4B1C3BF67300132E55 /* UIImageView+WebCache.m */; settings = {ASSET_TAGS = (); }; };
		B102CD5D1C3BF67300132E55 /* UIView+WebCacheOperation.m in Sources */ = {isa = PBXBuildFile; fileRef = B102CD4D1C3BF67300132E55 /* UIView+WebCacheOperation.m */; settings = {ASSET_TAGS = (); }; };
		B11E31DB1C43E78500CDB5A4 /* SLPhotoView.m in Sources */ = {isa = PBXBuildFile; fileRef = B11E31DA1C43E78500CDB5A4 /* SLPhotoView.m */; settings = {ASSET_TAGS = (); }; };
		B11E31DE1C43EA9A00CDB5A4 /* SLPhotosView.m in Sources */ = {isa = PBXBuildFile; fileRef = B11E31DD1C43EA9A00CDB5A4 /* SLPhotosView.m */; settings = {ASSET_TAGS = (); }; };
		B11E31EF1C43EF5A00CDB5A4 /* MJPhoto.m in Sources */ = {isa = PBXBuildFile; fileRef = B11E31E11C43EF5A00CDB5A4 /* MJPhoto.m */; settings = {ASSET_TAGS = (); }; };
		B11E31F01C43EF5A00CDB5A4 /* MJPhotoBrowser.bundle in Resources */ = {isa = PBXBuildFile; fileRef = B11E31E21C43EF5A00CDB5A4 /* MJPhotoBrowser.bundle */; settings = {ASSET_TAGS = (); }; };
		B11E31F11C43EF5A00CDB5A4 /* MJPhotoBrowser.m in Sources */ = {isa = PBXBuildFile; fileRef = B11E31E41C43EF5A00CDB5A4 /* MJPhotoBrowser.m */; settings = {ASSET_TAGS = (); }; };
		B11E31F21C43EF5A00CDB5A4 /* MJPhotoLoadingView.m in Sources */ = {isa = PBXBuildFile; fileRef = B11E31E61C43EF5A00CDB5A4 /* MJPhotoLoadingView.m */; settings = {ASSET_TAGS = (); }; };
		B11E31F31C43EF5A00CDB5A4 /* MJPhotoProgressView.m in Sources */ = {isa = PBXBuildFile; fileRef = B11E31E81C43EF5A00CDB5A4 /* MJPhotoProgressView.m */; settings = {ASSET_TAGS = (); }; };
		B11E31F41C43EF5A00CDB5A4 /* MJPhotoToolbar.m in Sources */ = {isa = PBXBuildFile; fileRef = B11E31EA1C43EF5A00CDB5A4 /* MJPhotoToolbar.m */; settings = {ASSET_TAGS = (); }; };
		B11E31F51C43EF5A00CDB5A4 /* MJPhotoView.m in Sources */ = {isa = PBXBuildFile; fileRef = B11E31EC1C43EF5A00CDB5A4 /* MJPhotoView.m */; settings = {ASSET_TAGS = (); }; };
		B11E31F61C43EF5A00CDB5A4 /* SDWebImageManager+MJ.m in Sources */ = {isa = PBXBuildFile; fileRef = B11E31EE1C43EF5A00CDB5A4 /* SDWebImageManager+MJ.m */; settings = {ASSET_TAGS = (); }; };
		B130C0AF1C3CF75500E283DA /* SLUser.m in Sources */ = {isa = PBXBuildFile; fileRef = B130C0AE1C3CF75500E283DA /* SLUser.m */; settings = {ASSET_TAGS = (); }; };
		B130C0C81C3CF93500E283DA /* MJDictionaryCache.m in Sources */ = {isa = PBXBuildFile; fileRef = B130C0B21C3CF93500E283DA /* MJDictionaryCache.m */; settings = {ASSET_TAGS = (); }; };
		B130C0C91C3CF93500E283DA /* MJExtensionConst.m in Sources */ = {isa = PBXBuildFile; fileRef = B130C0B51C3CF93500E283DA /* MJExtensionConst.m */; settings = {ASSET_TAGS = (); }; };
		B130C0CA1C3CF93500E283DA /* MJFoundation.m in Sources */ = {isa = PBXBuildFile; fileRef = B130C0B71C3CF93500E283DA /* MJFoundation.m */; settings = {ASSET_TAGS = (); }; };
		B130C0CB1C3CF93500E283DA /* MJProperty.m in Sources */ = {isa = PBXBuildFile; fileRef = B130C0B91C3CF93500E283DA /* MJProperty.m */; settings = {ASSET_TAGS = (); }; };
		B130C0CC1C3CF93500E283DA /* MJPropertyKey.m in Sources */ = {isa = PBXBuildFile; fileRef = B130C0BB1C3CF93500E283DA /* MJPropertyKey.m */; settings = {ASSET_TAGS = (); }; };
		B130C0CD1C3CF93500E283DA /* MJPropertyType.m in Sources */ = {isa = PBXBuildFile; fileRef = B130C0BD1C3CF93500E283DA /* MJPropertyType.m */; settings = {ASSET_TAGS = (); }; };
		B130C0CE1C3CF93500E283DA /* NSObject+MJClass.m in Sources */ = {isa = PBXBuildFile; fileRef = B130C0BF1C3CF93500E283DA /* NSObject+MJClass.m */; settings = {ASSET_TAGS = (); }; };
		B130C0CF1C3CF93500E283DA /* NSObject+MJCoding.m in Sources */ = {isa = PBXBuildFile; fileRef = B130C0C11C3CF93500E283DA /* NSObject+MJCoding.m */; settings = {ASSET_TAGS = (); }; };
		B130C0D01C3CF93500E283DA /* NSObject+MJKeyValue.m in Sources */ = {isa = PBXBuildFile; fileRef = B130C0C31C3CF93500E283DA /* NSObject+MJKeyValue.m */; settings = {ASSET_TAGS = (); }; };
		B130C0D11C3CF93500E283DA /* NSObject+MJProperty.m in Sources */ = {isa = PBXBuildFile; fileRef = B130C0C51C3CF93500E283DA /* NSObject+MJProperty.m */; settings = {ASSET_TAGS = (); }; };
		B130C0D21C3CF93500E283DA /* NSString+MJExtension.m in Sources */ = {isa = PBXBuildFile; fileRef = B130C0C71C3CF93500E283DA /* NSString+MJExtension.m */; settings = {ASSET_TAGS = (); }; };
		B130C0D51C3CFA3600E283DA /* SLStatusCell.m in Sources */ = {isa = PBXBuildFile; fileRef = B130C0D41C3CFA3600E283DA /* SLStatusCell.m */; settings = {ASSET_TAGS = (); }; };
		B130C0D81C3CFA5200E283DA /* SLStatusFrame.m in Sources */ = {isa = PBXBuildFile; fileRef = B130C0D71C3CFA5200E283DA /* SLStatusFrame.m */; settings = {ASSET_TAGS = (); }; };
		B130C0DB1C3CFC6000E283DA /* NSDate+MJ.m in Sources */ = {isa = PBXBuildFile; fileRef = B130C0DA1C3CFC6000E283DA /* NSDate+MJ.m */; settings = {ASSET_TAGS = (); }; };
		B130C0DE1C3D260D00E283DA /* NSString+SL.m in Sources */ = {isa = PBXBuildFile; fileRef = B130C0DD1C3D260D00E283DA /* NSString+SL.m */; settings = {ASSET_TAGS = (); }; };
		B139E4911C53A142002013E5 /* SLComposeViewController.m in Sources */ = {isa = PBXBuildFile; fileRef = B139E4901C53A142002013E5 /* SLComposeViewController.m */; settings = {ASSET_TAGS = (); }; };
		B139E4941C53A196002013E5 /* SLComposeToolbar.m in Sources */ = {isa = PBXBuildFile; fileRef = B139E4931C53A196002013E5 /* SLComposeToolbar.m */; settings = {ASSET_TAGS = (); }; };
		B139E4971C53A2B2002013E5 /* SLTextView.m in Sources */ = {isa = PBXBuildFile; fileRef = B139E4961C53A2B2002013E5 /* SLTextView.m */; settings = {ASSET_TAGS = (); }; };
		B139E49A1C53A300002013E5 /* SLComposePhotosView.m in Sources */ = {isa = PBXBuildFile; fileRef = B139E4991C53A300002013E5 /* SLComposePhotosView.m */; settings = {ASSET_TAGS = (); }; };
		B139E49D1C53B2CF002013E5 /* SLHttpTool.m in Sources */ = {isa = PBXBuildFile; fileRef = B139E49C1C53B2CF002013E5 /* SLHttpTool.m */; settings = {ASSET_TAGS = (); }; };
		B13A22681C39DB3D00E2EF71 /* SLBadgeButton.m in Sources */ = {isa = PBXBuildFile; fileRef = B13A22671C39DB3D00E2EF71 /* SLBadgeButton.m */; settings = {ASSET_TAGS = (); }; };
		B13A226B1C39DBFB00E2EF71 /* UIImage+SL.m in Sources */ = {isa = PBXBuildFile; fileRef = B13A226A1C39DBFB00E2EF71 /* UIImage+SL.m */; settings = {ASSET_TAGS = (); }; };
		B13A226E1C3A0A7200E2EF71 /* SLNavigationController.m in Sources */ = {isa = PBXBuildFile; fileRef = B13A226D1C3A0A7200E2EF71 /* SLNavigationController.m */; settings = {ASSET_TAGS = (); }; };
		B13A22711C3A14EA00E2EF71 /* UIBarButtonItem+SL.m in Sources */ = {isa = PBXBuildFile; fileRef = B13A22701C3A14EA00E2EF71 /* UIBarButtonItem+SL.m */; settings = {ASSET_TAGS = (); }; };
		B13A22741C3A167300E2EF71 /* SLTitleBtn.m in Sources */ = {isa = PBXBuildFile; fileRef = B13A22731C3A167300E2EF71 /* SLTitleBtn.m */; settings = {ASSET_TAGS = (); }; };
		B13A22771C3A1A4D00E2EF71 /* SLSearchBar.m in Sources */ = {isa = PBXBuildFile; fileRef = B13A22761C3A1A4D00E2EF71 /* SLSearchBar.m */; settings = {ASSET_TAGS = (); }; };
		B13A227E1C3A1E9400E2EF71 /* SLNewPartController.m in Sources */ = {isa = PBXBuildFile; fileRef = B13A227D1C3A1E9400E2EF71 /* SLNewPartController.m */; settings = {ASSET_TAGS = (); }; };
		B13B3B431C3AAD2C00B0194A /* SLAuthorController.m in Sources */ = {isa = PBXBuildFile; fileRef = B13B3B421C3AAD2C00B0194A /* SLAuthorController.m */; settings = {ASSET_TAGS = (); }; };
		B13B3B521C3AB42300B0194A /* AFHTTPSessionManager.m in Sources */ = {isa = PBXBuildFile; fileRef = B13B3B461C3AB42300B0194A /* AFHTTPSessionManager.m */; settings = {ASSET_TAGS = (); }; };
		B13B3B531C3AB42300B0194A /* AFNetworkReachabilityManager.m in Sources */ = {isa = PBXBuildFile; fileRef = B13B3B491C3AB42300B0194A /* AFNetworkReachabilityManager.m */; settings = {ASSET_TAGS = (); }; };
		B13B3B541C3AB42300B0194A /* AFSecurityPolicy.m in Sources */ = {isa = PBXBuildFile; fileRef = B13B3B4B1C3AB42300B0194A /* AFSecurityPolicy.m */; settings = {ASSET_TAGS = (); }; };
		B13B3B551C3AB42300B0194A /* AFURLRequestSerialization.m in Sources */ = {isa = PBXBuildFile; fileRef = B13B3B4D1C3AB42300B0194A /* AFURLRequestSerialization.m */; settings = {ASSET_TAGS = (); }; };
		B13B3B561C3AB42300B0194A /* AFURLResponseSerialization.m in Sources */ = {isa = PBXBuildFile; fileRef = B13B3B4F1C3AB42300B0194A /* AFURLResponseSerialization.m */; settings = {ASSET_TAGS = (); }; };
		B13B3B571C3AB42300B0194A /* AFURLSessionManager.m in Sources */ = {isa = PBXBuildFile; fileRef = B13B3B511C3AB42300B0194A /* AFURLSessionManager.m */; settings = {ASSET_TAGS = (); }; };
		B13B3B5A1C3AB97600B0194A /* SLAccount.m in Sources */ = {isa = PBXBuildFile; fileRef = B13B3B591C3AB97600B0194A /* SLAccount.m */; settings = {ASSET_TAGS = (); }; };
		B1454FBE1C894B6300878914 /* SLSetController.m in Sources */ = {isa = PBXBuildFile; fileRef = B1454FBD1C894B6300878914 /* SLSetController.m */; settings = {ASSET_TAGS = (); }; };
		B16DE3431C3967E8007D300C /* Assets.xcassets in Resources */ = {isa = PBXBuildFile; fileRef = B16DE3421C3967E8007D300C /* Assets.xcassets */; };
		B16DE3841C3970B0007D300C /* SLDiscoverViewController.m in Sources */ = {isa = PBXBuildFile; fileRef = B16DE36B1C3970B0007D300C /* SLDiscoverViewController.m */; settings = {ASSET_TAGS = (); }; };
		B16DE3851C3970B0007D300C /* SLTabBarController.m in Sources */ = {isa = PBXBuildFile; fileRef = B16DE3751C3970B0007D300C /* SLTabBarController.m */; settings = {ASSET_TAGS = (); }; };
		B16DE3861C3970B0007D300C /* SLMeViewController.m in Sources */ = {isa = PBXBuildFile; fileRef = B16DE37B1C3970B0007D300C /* SLMeViewController.m */; settings = {ASSET_TAGS = (); }; };
		B16DE3871C3970B0007D300C /* SLMessageViewController.m in Sources */ = {isa = PBXBuildFile; fileRef = B16DE3811C3970B0007D300C /* SLMessageViewController.m */; settings = {ASSET_TAGS = (); }; };
		B16DE38C1C3970BB007D300C /* AppDelegate.m in Sources */ = {isa = PBXBuildFile; fileRef = B16DE38A1C3970BB007D300C /* AppDelegate.m */; settings = {ASSET_TAGS = (); }; };
		B16DE38D1C3970BB007D300C /* main.m in Sources */ = {isa = PBXBuildFile; fileRef = B16DE38B1C3970BB007D300C /* main.m */; settings = {ASSET_TAGS = (); }; };
		B16DE3901C397124007D300C /* SLHomeViewController.m in Sources */ = {isa = PBXBuildFile; fileRef = B16DE38F1C397124007D300C /* SLHomeViewController.m */; settings = {ASSET_TAGS = (); }; };
		B16DE3921C397380007D300C /* Info.plist in Resources */ = {isa = PBXBuildFile; fileRef = B16DE3911C397380007D300C /* Info.plist */; settings = {ASSET_TAGS = (); }; };
		B16DE3951C3976FD007D300C /* SLTabBar.m in Sources */ = {isa = PBXBuildFile; fileRef = B16DE3941C3976FD007D300C /* SLTabBar.m */; settings = {ASSET_TAGS = (); }; };
		B16DE39B1C397D1F007D300C /* SLTabBarButton.m in Sources */ = {isa = PBXBuildFile; fileRef = B16DE39A1C397D1F007D300C /* SLTabBarButton.m */; settings = {ASSET_TAGS = (); }; };
		B192316F1C43D789006BECCA /* SLPhoto.m in Sources */ = {isa = PBXBuildFile; fileRef = B192316E1C43D789006BECCA /* SLPhoto.m */; settings = {ASSET_TAGS = (); }; };
		B198E0561C45E911003BBF99 /* MJRefreshAutoFooter.m in Sources */ = {isa = PBXBuildFile; fileRef = B198E02C1C45E911003BBF99 /* MJRefreshAutoFooter.m */; settings = {ASSET_TAGS = (); }; };
		B198E0571C45E911003BBF99 /* MJRefreshBackFooter.m in Sources */ = {isa = PBXBuildFile; fileRef = B198E02E1C45E911003BBF99 /* MJRefreshBackFooter.m */; settings = {ASSET_TAGS = (); }; };
		B198E0581C45E911003BBF99 /* MJRefreshComponent.m in Sources */ = {isa = PBXBuildFile; fileRef = B198E0301C45E911003BBF99 /* MJRefreshComponent.m */; settings = {ASSET_TAGS = (); }; };
		B198E0591C45E911003BBF99 /* MJRefreshFooter.m in Sources */ = {isa = PBXBuildFile; fileRef = B198E0321C45E911003BBF99 /* MJRefreshFooter.m */; settings = {ASSET_TAGS = (); }; };
		B198E05A1C45E911003BBF99 /* MJRefreshHeader.m in Sources */ = {isa = PBXBuildFile; fileRef = B198E0341C45E911003BBF99 /* MJRefreshHeader.m */; settings = {ASSET_TAGS = (); }; };
		B198E05B1C45E911003BBF99 /* MJRefreshAutoGifFooter.m in Sources */ = {isa = PBXBuildFile; fileRef = B198E0391C45E911003BBF99 /* MJRefreshAutoGifFooter.m */; settings = {ASSET_TAGS = (); }; };
		B198E05C1C45E911003BBF99 /* MJRefreshAutoNormalFooter.m in Sources */ = {isa = PBXBuildFile; fileRef = B198E03B1C45E911003BBF99 /* MJRefreshAutoNormalFooter.m */; settings = {ASSET_TAGS = (); }; };
		B198E05D1C45E911003BBF99 /* MJRefreshAutoStateFooter.m in Sources */ = {isa = PBXBuildFile; fileRef = B198E03D1C45E911003BBF99 /* MJRefreshAutoStateFooter.m */; settings = {ASSET_TAGS = (); }; };
		B198E05E1C45E911003BBF99 /* MJRefreshBackGifFooter.m in Sources */ = {isa = PBXBuildFile; fileRef = B198E0401C45E911003BBF99 /* MJRefreshBackGifFooter.m */; settings = {ASSET_TAGS = (); }; };
		B198E05F1C45E911003BBF99 /* MJRefreshBackNormalFooter.m in Sources */ = {isa = PBXBuildFile; fileRef = B198E0421C45E911003BBF99 /* MJRefreshBackNormalFooter.m */; settings = {ASSET_TAGS = (); }; };
		B198E0601C45E911003BBF99 /* MJRefreshBackStateFooter.m in Sources */ = {isa = PBXBuildFile; fileRef = B198E0441C45E911003BBF99 /* MJRefreshBackStateFooter.m */; settings = {ASSET_TAGS = (); }; };
		B198E0611C45E911003BBF99 /* MJRefreshGifHeader.m in Sources */ = {isa = PBXBuildFile; fileRef = B198E0471C45E911003BBF99 /* MJRefreshGifHeader.m */; settings = {ASSET_TAGS = (); }; };
		B198E0621C45E911003BBF99 /* MJRefreshNormalHeader.m in Sources */ = {isa = PBXBuildFile; fileRef = B198E0491C45E911003BBF99 /* MJRefreshNormalHeader.m */; settings = {ASSET_TAGS = (); }; };
		B198E0631C45E911003BBF99 /* MJRefreshStateHeader.m in Sources */ = {isa = PBXBuildFile; fileRef = B198E04B1C45E911003BBF99 /* MJRefreshStateHeader.m */; settings = {ASSET_TAGS = (); }; };
		B198E0641C45E911003BBF99 /* MJRefresh.bundle in Resources */ = {isa = PBXBuildFile; fileRef = B198E04C1C45E911003BBF99 /* MJRefresh.bundle */; settings = {ASSET_TAGS = (); }; };
		B198E0651C45E911003BBF99 /* MJRefreshConst.m in Sources */ = {isa = PBXBuildFile; fileRef = B198E04F1C45E911003BBF99 /* MJRefreshConst.m */; settings = {ASSET_TAGS = (); }; };
		B198E0661C45E911003BBF99 /* UIScrollView+MJExtension.m in Sources */ = {isa = PBXBuildFile; fileRef = B198E0511C45E911003BBF99 /* UIScrollView+MJExtension.m */; settings = {ASSET_TAGS = (); }; };
		B198E0671C45E911003BBF99 /* UIScrollView+MJRefresh.m in Sources */ = {isa = PBXBuildFile; fileRef = B198E0531C45E911003BBF99 /* UIScrollView+MJRefresh.m */; settings = {ASSET_TAGS = (); }; };
		B198E0681C45E911003BBF99 /* UIView+MJExtension.m in Sources */ = {isa = PBXBuildFile; fileRef = B198E0551C45E911003BBF99 /* UIView+MJExtension.m */; settings = {ASSET_TAGS = (); }; };
		B1B77B8F1C3F5B89005300B6 /* SLStatusToolBar.m in Sources */ = {isa = PBXBuildFile; fileRef = B1B77B8E1C3F5B89005300B6 /* SLStatusToolBar.m */; settings = {ASSET_TAGS = (); }; };
		B1B77B921C3F6221005300B6 /* SLReweetStatusView.m in Sources */ = {isa = PBXBuildFile; fileRef = B1B77B911C3F6221005300B6 /* SLReweetStatusView.m */; settings = {ASSET_TAGS = (); }; };
		B1B77B951C3F6262005300B6 /* SLSelfStatusView.m in Sources */ = {isa = PBXBuildFile; fileRef = B1B77B941C3F6262005300B6 /* SLSelfStatusView.m */; settings = {ASSET_TAGS = (); }; };
/* End PBXBuildFile section */

/* Begin PBXFileReference section */
		039EFAA533FCA51666D44100 /* libPods-SLWeibo.a */ = {isa = PBXFileReference; explicitFileType = archive.ar; includeInIndex = 0; path = "libPods-SLWeibo.a"; sourceTree = BUILT_PRODUCTS_DIR; };
		49694CB5EC244A581B99BC7B /* Pods-SLWeibo.debug.xcconfig */ = {isa = PBXFileReference; includeInIndex = 1; lastKnownFileType = text.xcconfig; name = "Pods-SLWeibo.debug.xcconfig"; path = "Pods/Target Support Files/Pods-SLWeibo/Pods-SLWeibo.debug.xcconfig"; sourceTree = "<group>"; };
		B102CD221C3BEC9B00132E55 /* SLWeiboTool.h */ = {isa = PBXFileReference; fileEncoding = 4; lastKnownFileType = sourcecode.c.h; path = SLWeiboTool.h; sourceTree = "<group>"; };
		B102CD231C3BEC9B00132E55 /* SLWeiboTool.m */ = {isa = PBXFileReference; fileEncoding = 4; lastKnownFileType = sourcecode.c.objc; path = SLWeiboTool.m; sourceTree = "<group>"; };
		B102CD261C3BEDEA00132E55 /* SLAccountTool.h */ = {isa = PBXFileReference; fileEncoding = 4; lastKnownFileType = sourcecode.c.h; name = SLAccountTool.h; path = ../Class/Author/Tool/SLAccountTool.h; sourceTree = "<group>"; };
		B102CD271C3BEDEA00132E55 /* SLAccountTool.m */ = {isa = PBXFileReference; fileEncoding = 4; lastKnownFileType = sourcecode.c.objc; name = SLAccountTool.m; path = ../Class/Author/Tool/SLAccountTool.m; sourceTree = "<group>"; };
		B102CD291C3BF2B100132E55 /* SLStatus.h */ = {isa = PBXFileReference; fileEncoding = 4; lastKnownFileType = sourcecode.c.h; path = SLStatus.h; sourceTree = "<group>"; };
		B102CD2A1C3BF2B100132E55 /* SLStatus.m */ = {isa = PBXFileReference; fileEncoding = 4; lastKnownFileType = sourcecode.c.objc; path = SLStatus.m; sourceTree = "<group>"; };
		B102CD2D1C3BF67300132E55 /* MKAnnotationView+WebCache.h */ = {isa = PBXFileReference; fileEncoding = 4; lastKnownFileType = sourcecode.c.h; path = "MKAnnotationView+WebCache.h"; sourceTree = "<group>"; };
		B102CD2E1C3BF67300132E55 /* MKAnnotationView+WebCache.m */ = {isa = PBXFileReference; fileEncoding = 4; lastKnownFileType = sourcecode.c.objc; path = "MKAnnotationView+WebCache.m"; sourceTree = "<group>"; };
		B102CD2F1C3BF67300132E55 /* NSData+ImageContentType.h */ = {isa = PBXFileReference; fileEncoding = 4; lastKnownFileType = sourcecode.c.h; path = "NSData+ImageContentType.h"; sourceTree = "<group>"; };
		B102CD301C3BF67300132E55 /* NSData+ImageContentType.m */ = {isa = PBXFileReference; fileEncoding = 4; lastKnownFileType = sourcecode.c.objc; path = "NSData+ImageContentType.m"; sourceTree = "<group>"; };
		B102CD311C3BF67300132E55 /* SDImageCache.h */ = {isa = PBXFileReference; fileEncoding = 4; lastKnownFileType = sourcecode.c.h; path = SDImageCache.h; sourceTree = "<group>"; };
		B102CD321C3BF67300132E55 /* SDImageCache.m */ = {isa = PBXFileReference; fileEncoding = 4; lastKnownFileType = sourcecode.c.objc; path = SDImageCache.m; sourceTree = "<group>"; };
		B102CD331C3BF67300132E55 /* SDWebImageCompat.h */ = {isa = PBXFileReference; fileEncoding = 4; lastKnownFileType = sourcecode.c.h; path = SDWebImageCompat.h; sourceTree = "<group>"; };
		B102CD341C3BF67300132E55 /* SDWebImageCompat.m */ = {isa = PBXFileReference; fileEncoding = 4; lastKnownFileType = sourcecode.c.objc; path = SDWebImageCompat.m; sourceTree = "<group>"; };
		B102CD351C3BF67300132E55 /* SDWebImageDecoder.h */ = {isa = PBXFileReference; fileEncoding = 4; lastKnownFileType = sourcecode.c.h; path = SDWebImageDecoder.h; sourceTree = "<group>"; };
		B102CD361C3BF67300132E55 /* SDWebImageDecoder.m */ = {isa = PBXFileReference; fileEncoding = 4; lastKnownFileType = sourcecode.c.objc; path = SDWebImageDecoder.m; sourceTree = "<group>"; };
		B102CD371C3BF67300132E55 /* SDWebImageDownloader.h */ = {isa = PBXFileReference; fileEncoding = 4; lastKnownFileType = sourcecode.c.h; path = SDWebImageDownloader.h; sourceTree = "<group>"; };
		B102CD381C3BF67300132E55 /* SDWebImageDownloader.m */ = {isa = PBXFileReference; fileEncoding = 4; lastKnownFileType = sourcecode.c.objc; path = SDWebImageDownloader.m; sourceTree = "<group>"; };
		B102CD391C3BF67300132E55 /* SDWebImageDownloaderOperation.h */ = {isa = PBXFileReference; fileEncoding = 4; lastKnownFileType = sourcecode.c.h; path = SDWebImageDownloaderOperation.h; sourceTree = "<group>"; };
		B102CD3A1C3BF67300132E55 /* SDWebImageDownloaderOperation.m */ = {isa = PBXFileReference; fileEncoding = 4; lastKnownFileType = sourcecode.c.objc; path = SDWebImageDownloaderOperation.m; sourceTree = "<group>"; };
		B102CD3B1C3BF67300132E55 /* SDWebImageManager.h */ = {isa = PBXFileReference; fileEncoding = 4; lastKnownFileType = sourcecode.c.h; path = SDWebImageManager.h; sourceTree = "<group>"; };
		B102CD3C1C3BF67300132E55 /* SDWebImageManager.m */ = {isa = PBXFileReference; fileEncoding = 4; lastKnownFileType = sourcecode.c.objc; path = SDWebImageManager.m; sourceTree = "<group>"; };
		B102CD3D1C3BF67300132E55 /* SDWebImageOperation.h */ = {isa = PBXFileReference; fileEncoding = 4; lastKnownFileType = sourcecode.c.h; path = SDWebImageOperation.h; sourceTree = "<group>"; };
		B102CD3E1C3BF67300132E55 /* SDWebImagePrefetcher.h */ = {isa = PBXFileReference; fileEncoding = 4; lastKnownFileType = sourcecode.c.h; path = SDWebImagePrefetcher.h; sourceTree = "<group>"; };
		B102CD3F1C3BF67300132E55 /* SDWebImagePrefetcher.m */ = {isa = PBXFileReference; fileEncoding = 4; lastKnownFileType = sourcecode.c.objc; path = SDWebImagePrefetcher.m; sourceTree = "<group>"; };
		B102CD401C3BF67300132E55 /* UIButton+WebCache.h */ = {isa = PBXFileReference; fileEncoding = 4; lastKnownFileType = sourcecode.c.h; path = "UIButton+WebCache.h"; sourceTree = "<group>"; };
		B102CD411C3BF67300132E55 /* UIButton+WebCache.m */ = {isa = PBXFileReference; fileEncoding = 4; lastKnownFileType = sourcecode.c.objc; path = "UIButton+WebCache.m"; sourceTree = "<group>"; };
		B102CD421C3BF67300132E55 /* UIImage+GIF.h */ = {isa = PBXFileReference; fileEncoding = 4; lastKnownFileType = sourcecode.c.h; path = "UIImage+GIF.h"; sourceTree = "<group>"; };
		B102CD431C3BF67300132E55 /* UIImage+GIF.m */ = {isa = PBXFileReference; fileEncoding = 4; lastKnownFileType = sourcecode.c.objc; path = "UIImage+GIF.m"; sourceTree = "<group>"; };
		B102CD441C3BF67300132E55 /* UIImage+MultiFormat.h */ = {isa = PBXFileReference; fileEncoding = 4; lastKnownFileType = sourcecode.c.h; path = "UIImage+MultiFormat.h"; sourceTree = "<group>"; };
		B102CD451C3BF67300132E55 /* UIImage+MultiFormat.m */ = {isa = PBXFileReference; fileEncoding = 4; lastKnownFileType = sourcecode.c.objc; path = "UIImage+MultiFormat.m"; sourceTree = "<group>"; };
		B102CD461C3BF67300132E55 /* UIImage+WebP.h */ = {isa = PBXFileReference; fileEncoding = 4; lastKnownFileType = sourcecode.c.h; path = "UIImage+WebP.h"; sourceTree = "<group>"; };
		B102CD471C3BF67300132E55 /* UIImage+WebP.m */ = {isa = PBXFileReference; fileEncoding = 4; lastKnownFileType = sourcecode.c.objc; path = "UIImage+WebP.m"; sourceTree = "<group>"; };
		B102CD481C3BF67300132E55 /* UIImageView+HighlightedWebCache.h */ = {isa = PBXFileReference; fileEncoding = 4; lastKnownFileType = sourcecode.c.h; path = "UIImageView+HighlightedWebCache.h"; sourceTree = "<group>"; };
		B102CD491C3BF67300132E55 /* UIImageView+HighlightedWebCache.m */ = {isa = PBXFileReference; fileEncoding = 4; lastKnownFileType = sourcecode.c.objc; path = "UIImageView+HighlightedWebCache.m"; sourceTree = "<group>"; };
		B102CD4A1C3BF67300132E55 /* UIImageView+WebCache.h */ = {isa = PBXFileReference; fileEncoding = 4; lastKnownFileType = sourcecode.c.h; path = "UIImageView+WebCache.h"; sourceTree = "<group>"; };
		B102CD4B1C3BF67300132E55 /* UIImageView+WebCache.m */ = {isa = PBXFileReference; fileEncoding = 4; lastKnownFileType = sourcecode.c.objc; path = "UIImageView+WebCache.m"; sourceTree = "<group>"; };
		B102CD4C1C3BF67300132E55 /* UIView+WebCacheOperation.h */ = {isa = PBXFileReference; fileEncoding = 4; lastKnownFileType = sourcecode.c.h; path = "UIView+WebCacheOperation.h"; sourceTree = "<group>"; };
		B102CD4D1C3BF67300132E55 /* UIView+WebCacheOperation.m */ = {isa = PBXFileReference; fileEncoding = 4; lastKnownFileType = sourcecode.c.objc; path = "UIView+WebCacheOperation.m"; sourceTree = "<group>"; };
		B11E31D91C43E78500CDB5A4 /* SLPhotoView.h */ = {isa = PBXFileReference; fileEncoding = 4; lastKnownFileType = sourcecode.c.h; path = SLPhotoView.h; sourceTree = "<group>"; };
		B11E31DA1C43E78500CDB5A4 /* SLPhotoView.m */ = {isa = PBXFileReference; fileEncoding = 4; lastKnownFileType = sourcecode.c.objc; path = SLPhotoView.m; sourceTree = "<group>"; };
		B11E31DC1C43EA9A00CDB5A4 /* SLPhotosView.h */ = {isa = PBXFileReference; fileEncoding = 4; lastKnownFileType = sourcecode.c.h; path = SLPhotosView.h; sourceTree = "<group>"; };
		B11E31DD1C43EA9A00CDB5A4 /* SLPhotosView.m */ = {isa = PBXFileReference; fileEncoding = 4; lastKnownFileType = sourcecode.c.objc; path = SLPhotosView.m; sourceTree = "<group>"; };
		B11E31E01C43EF5A00CDB5A4 /* MJPhoto.h */ = {isa = PBXFileReference; fileEncoding = 4; lastKnownFileType = sourcecode.c.h; path = MJPhoto.h; sourceTree = "<group>"; };
		B11E31E11C43EF5A00CDB5A4 /* MJPhoto.m */ = {isa = PBXFileReference; fileEncoding = 4; lastKnownFileType = sourcecode.c.objc; path = MJPhoto.m; sourceTree = "<group>"; };
		B11E31E21C43EF5A00CDB5A4 /* MJPhotoBrowser.bundle */ = {isa = PBXFileReference; lastKnownFileType = "wrapper.plug-in"; path = MJPhotoBrowser.bundle; sourceTree = "<group>"; };
		B11E31E31C43EF5A00CDB5A4 /* MJPhotoBrowser.h */ = {isa = PBXFileReference; fileEncoding = 4; lastKnownFileType = sourcecode.c.h; path = MJPhotoBrowser.h; sourceTree = "<group>"; };
		B11E31E41C43EF5A00CDB5A4 /* MJPhotoBrowser.m */ = {isa = PBXFileReference; fileEncoding = 4; lastKnownFileType = sourcecode.c.objc; path = MJPhotoBrowser.m; sourceTree = "<group>"; };
		B11E31E51C43EF5A00CDB5A4 /* MJPhotoLoadingView.h */ = {isa = PBXFileReference; fileEncoding = 4; lastKnownFileType = sourcecode.c.h; path = MJPhotoLoadingView.h; sourceTree = "<group>"; };
		B11E31E61C43EF5A00CDB5A4 /* MJPhotoLoadingView.m */ = {isa = PBXFileReference; fileEncoding = 4; lastKnownFileType = sourcecode.c.objc; path = MJPhotoLoadingView.m; sourceTree = "<group>"; };
		B11E31E71C43EF5A00CDB5A4 /* MJPhotoProgressView.h */ = {isa = PBXFileReference; fileEncoding = 4; lastKnownFileType = sourcecode.c.h; path = MJPhotoProgressView.h; sourceTree = "<group>"; };
		B11E31E81C43EF5A00CDB5A4 /* MJPhotoProgressView.m */ = {isa = PBXFileReference; fileEncoding = 4; lastKnownFileType = sourcecode.c.objc; path = MJPhotoProgressView.m; sourceTree = "<group>"; };
		B11E31E91C43EF5A00CDB5A4 /* MJPhotoToolbar.h */ = {isa = PBXFileReference; fileEncoding = 4; lastKnownFileType = sourcecode.c.h; path = MJPhotoToolbar.h; sourceTree = "<group>"; };
		B11E31EA1C43EF5A00CDB5A4 /* MJPhotoToolbar.m */ = {isa = PBXFileReference; fileEncoding = 4; lastKnownFileType = sourcecode.c.objc; path = MJPhotoToolbar.m; sourceTree = "<group>"; };
		B11E31EB1C43EF5A00CDB5A4 /* MJPhotoView.h */ = {isa = PBXFileReference; fileEncoding = 4; lastKnownFileType = sourcecode.c.h; path = MJPhotoView.h; sourceTree = "<group>"; };
		B11E31EC1C43EF5A00CDB5A4 /* MJPhotoView.m */ = {isa = PBXFileReference; fileEncoding = 4; lastKnownFileType = sourcecode.c.objc; path = MJPhotoView.m; sourceTree = "<group>"; };
		B11E31ED1C43EF5A00CDB5A4 /* SDWebImageManager+MJ.h */ = {isa = PBXFileReference; fileEncoding = 4; lastKnownFileType = sourcecode.c.h; path = "SDWebImageManager+MJ.h"; sourceTree = "<group>"; };
		B11E31EE1C43EF5A00CDB5A4 /* SDWebImageManager+MJ.m */ = {isa = PBXFileReference; fileEncoding = 4; lastKnownFileType = sourcecode.c.objc; path = "SDWebImageManager+MJ.m"; sourceTree = "<group>"; };
		B130C0AD1C3CF75500E283DA /* SLUser.h */ = {isa = PBXFileReference; fileEncoding = 4; lastKnownFileType = sourcecode.c.h; path = SLUser.h; sourceTree = "<group>"; };
		B130C0AE1C3CF75500E283DA /* SLUser.m */ = {isa = PBXFileReference; fileEncoding = 4; lastKnownFileType = sourcecode.c.objc; path = SLUser.m; sourceTree = "<group>"; };
		B130C0B11C3CF93500E283DA /* MJDictionaryCache.h */ = {isa = PBXFileReference; fileEncoding = 4; lastKnownFileType = sourcecode.c.h; path = MJDictionaryCache.h; sourceTree = "<group>"; };
		B130C0B21C3CF93500E283DA /* MJDictionaryCache.m */ = {isa = PBXFileReference; fileEncoding = 4; lastKnownFileType = sourcecode.c.objc; path = MJDictionaryCache.m; sourceTree = "<group>"; };
		B130C0B31C3CF93500E283DA /* MJExtension.h */ = {isa = PBXFileReference; fileEncoding = 4; lastKnownFileType = sourcecode.c.h; path = MJExtension.h; sourceTree = "<group>"; };
		B130C0B41C3CF93500E283DA /* MJExtensionConst.h */ = {isa = PBXFileReference; fileEncoding = 4; lastKnownFileType = sourcecode.c.h; path = MJExtensionConst.h; sourceTree = "<group>"; };
		B130C0B51C3CF93500E283DA /* MJExtensionConst.m */ = {isa = PBXFileReference; fileEncoding = 4; lastKnownFileType = sourcecode.c.objc; path = MJExtensionConst.m; sourceTree = "<group>"; };
		B130C0B61C3CF93500E283DA /* MJFoundation.h */ = {isa = PBXFileReference; fileEncoding = 4; lastKnownFileType = sourcecode.c.h; path = MJFoundation.h; sourceTree = "<group>"; };
		B130C0B71C3CF93500E283DA /* MJFoundation.m */ = {isa = PBXFileReference; fileEncoding = 4; lastKnownFileType = sourcecode.c.objc; path = MJFoundation.m; sourceTree = "<group>"; };
		B130C0B81C3CF93500E283DA /* MJProperty.h */ = {isa = PBXFileReference; fileEncoding = 4; lastKnownFileType = sourcecode.c.h; path = MJProperty.h; sourceTree = "<group>"; };
		B130C0B91C3CF93500E283DA /* MJProperty.m */ = {isa = PBXFileReference; fileEncoding = 4; lastKnownFileType = sourcecode.c.objc; path = MJProperty.m; sourceTree = "<group>"; };
		B130C0BA1C3CF93500E283DA /* MJPropertyKey.h */ = {isa = PBXFileReference; fileEncoding = 4; lastKnownFileType = sourcecode.c.h; path = MJPropertyKey.h; sourceTree = "<group>"; };
		B130C0BB1C3CF93500E283DA /* MJPropertyKey.m */ = {isa = PBXFileReference; fileEncoding = 4; lastKnownFileType = sourcecode.c.objc; path = MJPropertyKey.m; sourceTree = "<group>"; };
		B130C0BC1C3CF93500E283DA /* MJPropertyType.h */ = {isa = PBXFileReference; fileEncoding = 4; lastKnownFileType = sourcecode.c.h; path = MJPropertyType.h; sourceTree = "<group>"; };
		B130C0BD1C3CF93500E283DA /* MJPropertyType.m */ = {isa = PBXFileReference; fileEncoding = 4; lastKnownFileType = sourcecode.c.objc; path = MJPropertyType.m; sourceTree = "<group>"; };
		B130C0BE1C3CF93500E283DA /* NSObject+MJClass.h */ = {isa = PBXFileReference; fileEncoding = 4; lastKnownFileType = sourcecode.c.h; path = "NSObject+MJClass.h"; sourceTree = "<group>"; };
		B130C0BF1C3CF93500E283DA /* NSObject+MJClass.m */ = {isa = PBXFileReference; fileEncoding = 4; lastKnownFileType = sourcecode.c.objc; path = "NSObject+MJClass.m"; sourceTree = "<group>"; };
		B130C0C01C3CF93500E283DA /* NSObject+MJCoding.h */ = {isa = PBXFileReference; fileEncoding = 4; lastKnownFileType = sourcecode.c.h; path = "NSObject+MJCoding.h"; sourceTree = "<group>"; };
		B130C0C11C3CF93500E283DA /* NSObject+MJCoding.m */ = {isa = PBXFileReference; fileEncoding = 4; lastKnownFileType = sourcecode.c.objc; path = "NSObject+MJCoding.m"; sourceTree = "<group>"; };
		B130C0C21C3CF93500E283DA /* NSObject+MJKeyValue.h */ = {isa = PBXFileReference; fileEncoding = 4; lastKnownFileType = sourcecode.c.h; path = "NSObject+MJKeyValue.h"; sourceTree = "<group>"; };
		B130C0C31C3CF93500E283DA /* NSObject+MJKeyValue.m */ = {isa = PBXFileReference; fileEncoding = 4; lastKnownFileType = sourcecode.c.objc; path = "NSObject+MJKeyValue.m"; sourceTree = "<group>"; };
		B130C0C41C3CF93500E283DA /* NSObject+MJProperty.h */ = {isa = PBXFileReference; fileEncoding = 4; lastKnownFileType = sourcecode.c.h; path = "NSObject+MJProperty.h"; sourceTree = "<group>"; };
		B130C0C51C3CF93500E283DA /* NSObject+MJProperty.m */ = {isa = PBXFileReference; fileEncoding = 4; lastKnownFileType = sourcecode.c.objc; path = "NSObject+MJProperty.m"; sourceTree = "<group>"; };
		B130C0C61C3CF93500E283DA /* NSString+MJExtension.h */ = {isa = PBXFileReference; fileEncoding = 4; lastKnownFileType = sourcecode.c.h; path = "NSString+MJExtension.h"; sourceTree = "<group>"; };
		B130C0C71C3CF93500E283DA /* NSString+MJExtension.m */ = {isa = PBXFileReference; fileEncoding = 4; lastKnownFileType = sourcecode.c.objc; path = "NSString+MJExtension.m"; sourceTree = "<group>"; };
		B130C0D31C3CFA3600E283DA /* SLStatusCell.h */ = {isa = PBXFileReference; fileEncoding = 4; lastKnownFileType = sourcecode.c.h; path = SLStatusCell.h; sourceTree = "<group>"; };
		B130C0D41C3CFA3600E283DA /* SLStatusCell.m */ = {isa = PBXFileReference; fileEncoding = 4; lastKnownFileType = sourcecode.c.objc; path = SLStatusCell.m; sourceTree = "<group>"; };
		B130C0D61C3CFA5200E283DA /* SLStatusFrame.h */ = {isa = PBXFileReference; fileEncoding = 4; lastKnownFileType = sourcecode.c.h; path = SLStatusFrame.h; sourceTree = "<group>"; };
		B130C0D71C3CFA5200E283DA /* SLStatusFrame.m */ = {isa = PBXFileReference; fileEncoding = 4; lastKnownFileType = sourcecode.c.objc; path = SLStatusFrame.m; sourceTree = "<group>"; };
		B130C0D91C3CFC6000E283DA /* NSDate+MJ.h */ = {isa = PBXFileReference; fileEncoding = 4; lastKnownFileType = sourcecode.c.h; path = "NSDate+MJ.h"; sourceTree = "<group>"; };
		B130C0DA1C3CFC6000E283DA /* NSDate+MJ.m */ = {isa = PBXFileReference; fileEncoding = 4; lastKnownFileType = sourcecode.c.objc; path = "NSDate+MJ.m"; sourceTree = "<group>"; };
		B130C0DC1C3D260D00E283DA /* NSString+SL.h */ = {isa = PBXFileReference; fileEncoding = 4; lastKnownFileType = sourcecode.c.h; path = "NSString+SL.h"; sourceTree = "<group>"; };
		B130C0DD1C3D260D00E283DA /* NSString+SL.m */ = {isa = PBXFileReference; fileEncoding = 4; lastKnownFileType = sourcecode.c.objc; path = "NSString+SL.m"; sourceTree = "<group>"; };
		B139E48F1C53A142002013E5 /* SLComposeViewController.h */ = {isa = PBXFileReference; fileEncoding = 4; lastKnownFileType = sourcecode.c.h; path = SLComposeViewController.h; sourceTree = "<group>"; };
		B139E4901C53A142002013E5 /* SLComposeViewController.m */ = {isa = PBXFileReference; fileEncoding = 4; lastKnownFileType = sourcecode.c.objc; path = SLComposeViewController.m; sourceTree = "<group>"; };
		B139E4921C53A196002013E5 /* SLComposeToolbar.h */ = {isa = PBXFileReference; fileEncoding = 4; lastKnownFileType = sourcecode.c.h; path = SLComposeToolbar.h; sourceTree = "<group>"; };
		B139E4931C53A196002013E5 /* SLComposeToolbar.m */ = {isa = PBXFileReference; fileEncoding = 4; lastKnownFileType = sourcecode.c.objc; path = SLComposeToolbar.m; sourceTree = "<group>"; };
		B139E4951C53A2B2002013E5 /* SLTextView.h */ = {isa = PBXFileReference; fileEncoding = 4; lastKnownFileType = sourcecode.c.h; path = SLTextView.h; sourceTree = "<group>"; };
		B139E4961C53A2B2002013E5 /* SLTextView.m */ = {isa = PBXFileReference; fileEncoding = 4; lastKnownFileType = sourcecode.c.objc; path = SLTextView.m; sourceTree = "<group>"; };
		B139E4981C53A300002013E5 /* SLComposePhotosView.h */ = {isa = PBXFileReference; fileEncoding = 4; lastKnownFileType = sourcecode.c.h; path = SLComposePhotosView.h; sourceTree = "<group>"; };
		B139E4991C53A300002013E5 /* SLComposePhotosView.m */ = {isa = PBXFileReference; fileEncoding = 4; lastKnownFileType = sourcecode.c.objc; path = SLComposePhotosView.m; sourceTree = "<group>"; };
		B139E49B1C53B2CF002013E5 /* SLHttpTool.h */ = {isa = PBXFileReference; fileEncoding = 4; lastKnownFileType = sourcecode.c.h; name = SLHttpTool.h; path = ../Class/Compose/Controller/SLHttpTool.h; sourceTree = "<group>"; };
		B139E49C1C53B2CF002013E5 /* SLHttpTool.m */ = {isa = PBXFileReference; fileEncoding = 4; lastKnownFileType = sourcecode.c.objc; name = SLHttpTool.m; path = ../Class/Compose/Controller/SLHttpTool.m; sourceTree = "<group>"; };
		B13A22661C39DB3D00E2EF71 /* SLBadgeButton.h */ = {isa = PBXFileReference; fileEncoding = 4; lastKnownFileType = sourcecode.c.h; path = SLBadgeButton.h; sourceTree = "<group>"; };
		B13A22671C39DB3D00E2EF71 /* SLBadgeButton.m */ = {isa = PBXFileReference; fileEncoding = 4; lastKnownFileType = sourcecode.c.objc; path = SLBadgeButton.m; sourceTree = "<group>"; };
		B13A22691C39DBFB00E2EF71 /* UIImage+SL.h */ = {isa = PBXFileReference; fileEncoding = 4; lastKnownFileType = sourcecode.c.h; path = "UIImage+SL.h"; sourceTree = "<group>"; };
		B13A226A1C39DBFB00E2EF71 /* UIImage+SL.m */ = {isa = PBXFileReference; fileEncoding = 4; lastKnownFileType = sourcecode.c.objc; path = "UIImage+SL.m"; sourceTree = "<group>"; };
		B13A226C1C3A0A7200E2EF71 /* SLNavigationController.h */ = {isa = PBXFileReference; fileEncoding = 4; lastKnownFileType = sourcecode.c.h; path = SLNavigationController.h; sourceTree = "<group>"; };
		B13A226D1C3A0A7200E2EF71 /* SLNavigationController.m */ = {isa = PBXFileReference; fileEncoding = 4; lastKnownFileType = sourcecode.c.objc; path = SLNavigationController.m; sourceTree = "<group>"; };
		B13A226F1C3A14EA00E2EF71 /* UIBarButtonItem+SL.h */ = {isa = PBXFileReference; fileEncoding = 4; lastKnownFileType = sourcecode.c.h; path = "UIBarButtonItem+SL.h"; sourceTree = "<group>"; };
		B13A22701C3A14EA00E2EF71 /* UIBarButtonItem+SL.m */ = {isa = PBXFileReference; fileEncoding = 4; lastKnownFileType = sourcecode.c.objc; path = "UIBarButtonItem+SL.m"; sourceTree = "<group>"; };
		B13A22721C3A167300E2EF71 /* SLTitleBtn.h */ = {isa = PBXFileReference; fileEncoding = 4; lastKnownFileType = sourcecode.c.h; path = SLTitleBtn.h; sourceTree = "<group>"; };
		B13A22731C3A167300E2EF71 /* SLTitleBtn.m */ = {isa = PBXFileReference; fileEncoding = 4; lastKnownFileType = sourcecode.c.objc; path = SLTitleBtn.m; sourceTree = "<group>"; };
		B13A22751C3A1A4D00E2EF71 /* SLSearchBar.h */ = {isa = PBXFileReference; fileEncoding = 4; lastKnownFileType = sourcecode.c.h; path = SLSearchBar.h; sourceTree = "<group>"; };
		B13A22761C3A1A4D00E2EF71 /* SLSearchBar.m */ = {isa = PBXFileReference; fileEncoding = 4; lastKnownFileType = sourcecode.c.objc; path = SLSearchBar.m; sourceTree = "<group>"; };
		B13A227C1C3A1E9400E2EF71 /* SLNewPartController.h */ = {isa = PBXFileReference; fileEncoding = 4; lastKnownFileType = sourcecode.c.h; path = SLNewPartController.h; sourceTree = "<group>"; };
		B13A227D1C3A1E9400E2EF71 /* SLNewPartController.m */ = {isa = PBXFileReference; fileEncoding = 4; lastKnownFileType = sourcecode.c.objc; path = SLNewPartController.m; sourceTree = "<group>"; };
		B13B3B411C3AAD2C00B0194A /* SLAuthorController.h */ = {isa = PBXFileReference; fileEncoding = 4; lastKnownFileType = sourcecode.c.h; path = SLAuthorController.h; sourceTree = "<group>"; };
		B13B3B421C3AAD2C00B0194A /* SLAuthorController.m */ = {isa = PBXFileReference; fileEncoding = 4; lastKnownFileType = sourcecode.c.objc; path = SLAuthorController.m; sourceTree = "<group>"; };
		B13B3B451C3AB42300B0194A /* AFHTTPSessionManager.h */ = {isa = PBXFileReference; fileEncoding = 4; lastKnownFileType = sourcecode.c.h; path = AFHTTPSessionManager.h; sourceTree = "<group>"; };
		B13B3B461C3AB42300B0194A /* AFHTTPSessionManager.m */ = {isa = PBXFileReference; fileEncoding = 4; lastKnownFileType = sourcecode.c.objc; path = AFHTTPSessionManager.m; sourceTree = "<group>"; };
		B13B3B471C3AB42300B0194A /* AFNetworking.h */ = {isa = PBXFileReference; fileEncoding = 4; lastKnownFileType = sourcecode.c.h; path = AFNetworking.h; sourceTree = "<group>"; };
		B13B3B481C3AB42300B0194A /* AFNetworkReachabilityManager.h */ = {isa = PBXFileReference; fileEncoding = 4; lastKnownFileType = sourcecode.c.h; path = AFNetworkReachabilityManager.h; sourceTree = "<group>"; };
		B13B3B491C3AB42300B0194A /* AFNetworkReachabilityManager.m */ = {isa = PBXFileReference; fileEncoding = 4; lastKnownFileType = sourcecode.c.objc; path = AFNetworkReachabilityManager.m; sourceTree = "<group>"; };
		B13B3B4A1C3AB42300B0194A /* AFSecurityPolicy.h */ = {isa = PBXFileReference; fileEncoding = 4; lastKnownFileType = sourcecode.c.h; path = AFSecurityPolicy.h; sourceTree = "<group>"; };
		B13B3B4B1C3AB42300B0194A /* AFSecurityPolicy.m */ = {isa = PBXFileReference; fileEncoding = 4; lastKnownFileType = sourcecode.c.objc; path = AFSecurityPolicy.m; sourceTree = "<group>"; };
		B13B3B4C1C3AB42300B0194A /* AFURLRequestSerialization.h */ = {isa = PBXFileReference; fileEncoding = 4; lastKnownFileType = sourcecode.c.h; path = AFURLRequestSerialization.h; sourceTree = "<group>"; };
		B13B3B4D1C3AB42300B0194A /* AFURLRequestSerialization.m */ = {isa = PBXFileReference; fileEncoding = 4; lastKnownFileType = sourcecode.c.objc; path = AFURLRequestSerialization.m; sourceTree = "<group>"; };
		B13B3B4E1C3AB42300B0194A /* AFURLResponseSerialization.h */ = {isa = PBXFileReference; fileEncoding = 4; lastKnownFileType = sourcecode.c.h; path = AFURLResponseSerialization.h; sourceTree = "<group>"; };
		B13B3B4F1C3AB42300B0194A /* AFURLResponseSerialization.m */ = {isa = PBXFileReference; fileEncoding = 4; lastKnownFileType = sourcecode.c.objc; path = AFURLResponseSerialization.m; sourceTree = "<group>"; };
		B13B3B501C3AB42300B0194A /* AFURLSessionManager.h */ = {isa = PBXFileReference; fileEncoding = 4; lastKnownFileType = sourcecode.c.h; path = AFURLSessionManager.h; sourceTree = "<group>"; };
		B13B3B511C3AB42300B0194A /* AFURLSessionManager.m */ = {isa = PBXFileReference; fileEncoding = 4; lastKnownFileType = sourcecode.c.objc; path = AFURLSessionManager.m; sourceTree = "<group>"; };
		B13B3B581C3AB97600B0194A /* SLAccount.h */ = {isa = PBXFileReference; fileEncoding = 4; lastKnownFileType = sourcecode.c.h; path = SLAccount.h; sourceTree = "<group>"; };
		B13B3B591C3AB97600B0194A /* SLAccount.m */ = {isa = PBXFileReference; fileEncoding = 4; lastKnownFileType = sourcecode.c.objc; path = SLAccount.m; sourceTree = "<group>"; };
		B1454FBC1C894B6300878914 /* SLSetController.h */ = {isa = PBXFileReference; fileEncoding = 4; lastKnownFileType = sourcecode.c.h; path = SLSetController.h; sourceTree = "<group>"; };
		B1454FBD1C894B6300878914 /* SLSetController.m */ = {isa = PBXFileReference; fileEncoding = 4; lastKnownFileType = sourcecode.c.objc; path = SLSetController.m; sourceTree = "<group>"; };
		B16DE3331C3967E8007D300C /* SLWeibo.app */ = {isa = PBXFileReference; explicitFileType = wrapper.application; includeInIndex = 0; path = SLWeibo.app; sourceTree = BUILT_PRODUCTS_DIR; };
		B16DE3421C3967E8007D300C /* Assets.xcassets */ = {isa = PBXFileReference; lastKnownFileType = folder.assetcatalog; path = Assets.xcassets; sourceTree = "<group>"; };
		B16DE36A1C3970B0007D300C /* SLDiscoverViewController.h */ = {isa = PBXFileReference; fileEncoding = 4; lastKnownFileType = sourcecode.c.h; path = SLDiscoverViewController.h; sourceTree = "<group>"; };
		B16DE36B1C3970B0007D300C /* SLDiscoverViewController.m */ = {isa = PBXFileReference; fileEncoding = 4; lastKnownFileType = sourcecode.c.objc; path = SLDiscoverViewController.m; sourceTree = "<group>"; };
		B16DE3741C3970B0007D300C /* SLTabBarController.h */ = {isa = PBXFileReference; fileEncoding = 4; lastKnownFileType = sourcecode.c.h; path = SLTabBarController.h; sourceTree = "<group>"; };
		B16DE3751C3970B0007D300C /* SLTabBarController.m */ = {isa = PBXFileReference; fileEncoding = 4; lastKnownFileType = sourcecode.c.objc; path = SLTabBarController.m; sourceTree = "<group>"; };
		B16DE37A1C3970B0007D300C /* SLMeViewController.h */ = {isa = PBXFileReference; fileEncoding = 4; lastKnownFileType = sourcecode.c.h; path = SLMeViewController.h; sourceTree = "<group>"; };
		B16DE37B1C3970B0007D300C /* SLMeViewController.m */ = {isa = PBXFileReference; fileEncoding = 4; lastKnownFileType = sourcecode.c.objc; path = SLMeViewController.m; sourceTree = "<group>"; };
		B16DE3801C3970B0007D300C /* SLMessageViewController.h */ = {isa = PBXFileReference; fileEncoding = 4; lastKnownFileType = sourcecode.c.h; path = SLMessageViewController.h; sourceTree = "<group>"; };
		B16DE3811C3970B0007D300C /* SLMessageViewController.m */ = {isa = PBXFileReference; fileEncoding = 4; lastKnownFileType = sourcecode.c.objc; path = SLMessageViewController.m; sourceTree = "<group>"; };
		B16DE3891C3970BB007D300C /* AppDelegate.h */ = {isa = PBXFileReference; fileEncoding = 4; lastKnownFileType = sourcecode.c.h; path = AppDelegate.h; sourceTree = "<group>"; };
		B16DE38A1C3970BB007D300C /* AppDelegate.m */ = {isa = PBXFileReference; fileEncoding = 4; lastKnownFileType = sourcecode.c.objc; path = AppDelegate.m; sourceTree = "<group>"; };
		B16DE38B1C3970BB007D300C /* main.m */ = {isa = PBXFileReference; fileEncoding = 4; lastKnownFileType = sourcecode.c.objc; path = main.m; sourceTree = "<group>"; };
		B16DE38E1C397124007D300C /* SLHomeViewController.h */ = {isa = PBXFileReference; fileEncoding = 4; lastKnownFileType = sourcecode.c.h; path = SLHomeViewController.h; sourceTree = "<group>"; };
		B16DE38F1C397124007D300C /* SLHomeViewController.m */ = {isa = PBXFileReference; fileEncoding = 4; lastKnownFileType = sourcecode.c.objc; path = SLHomeViewController.m; sourceTree = "<group>"; };
		B16DE3911C397380007D300C /* Info.plist */ = {isa = PBXFileReference; fileEncoding = 4; lastKnownFileType = text.plist.xml; path = Info.plist; sourceTree = "<group>"; };
		B16DE3931C3976FD007D300C /* SLTabBar.h */ = {isa = PBXFileReference; fileEncoding = 4; lastKnownFileType = sourcecode.c.h; path = SLTabBar.h; sourceTree = "<group>"; };
		B16DE3941C3976FD007D300C /* SLTabBar.m */ = {isa = PBXFileReference; fileEncoding = 4; lastKnownFileType = sourcecode.c.objc; path = SLTabBar.m; sourceTree = "<group>"; };
		B16DE3991C397D1F007D300C /* SLTabBarButton.h */ = {isa = PBXFileReference; fileEncoding = 4; lastKnownFileType = sourcecode.c.h; path = SLTabBarButton.h; sourceTree = "<group>"; };
		B16DE39A1C397D1F007D300C /* SLTabBarButton.m */ = {isa = PBXFileReference; fileEncoding = 4; lastKnownFileType = sourcecode.c.objc; path = SLTabBarButton.m; sourceTree = "<group>"; };
		B192316D1C43D789006BECCA /* SLPhoto.h */ = {isa = PBXFileReference; fileEncoding = 4; lastKnownFileType = sourcecode.c.h; path = SLPhoto.h; sourceTree = "<group>"; };
		B192316E1C43D789006BECCA /* SLPhoto.m */ = {isa = PBXFileReference; fileEncoding = 4; lastKnownFileType = sourcecode.c.objc; path = SLPhoto.m; sourceTree = "<group>"; };
		B198E02B1C45E911003BBF99 /* MJRefreshAutoFooter.h */ = {isa = PBXFileReference; fileEncoding = 4; lastKnownFileType = sourcecode.c.h; path = MJRefreshAutoFooter.h; sourceTree = "<group>"; };
		B198E02C1C45E911003BBF99 /* MJRefreshAutoFooter.m */ = {isa = PBXFileReference; fileEncoding = 4; lastKnownFileType = sourcecode.c.objc; path = MJRefreshAutoFooter.m; sourceTree = "<group>"; };
		B198E02D1C45E911003BBF99 /* MJRefreshBackFooter.h */ = {isa = PBXFileReference; fileEncoding = 4; lastKnownFileType = sourcecode.c.h; path = MJRefreshBackFooter.h; sourceTree = "<group>"; };
		B198E02E1C45E911003BBF99 /* MJRefreshBackFooter.m */ = {isa = PBXFileReference; fileEncoding = 4; lastKnownFileType = sourcecode.c.objc; path = MJRefreshBackFooter.m; sourceTree = "<group>"; };
		B198E02F1C45E911003BBF99 /* MJRefreshComponent.h */ = {isa = PBXFileReference; fileEncoding = 4; lastKnownFileType = sourcecode.c.h; path = MJRefreshComponent.h; sourceTree = "<group>"; };
		B198E0301C45E911003BBF99 /* MJRefreshComponent.m */ = {isa = PBXFileReference; fileEncoding = 4; lastKnownFileType = sourcecode.c.objc; path = MJRefreshComponent.m; sourceTree = "<group>"; };
		B198E0311C45E911003BBF99 /* MJRefreshFooter.h */ = {isa = PBXFileReference; fileEncoding = 4; lastKnownFileType = sourcecode.c.h; path = MJRefreshFooter.h; sourceTree = "<group>"; };
		B198E0321C45E911003BBF99 /* MJRefreshFooter.m */ = {isa = PBXFileReference; fileEncoding = 4; lastKnownFileType = sourcecode.c.objc; path = MJRefreshFooter.m; sourceTree = "<group>"; };
		B198E0331C45E911003BBF99 /* MJRefreshHeader.h */ = {isa = PBXFileReference; fileEncoding = 4; lastKnownFileType = sourcecode.c.h; path = MJRefreshHeader.h; sourceTree = "<group>"; };
		B198E0341C45E911003BBF99 /* MJRefreshHeader.m */ = {isa = PBXFileReference; fileEncoding = 4; lastKnownFileType = sourcecode.c.objc; path = MJRefreshHeader.m; sourceTree = "<group>"; };
		B198E0381C45E911003BBF99 /* MJRefreshAutoGifFooter.h */ = {isa = PBXFileReference; fileEncoding = 4; lastKnownFileType = sourcecode.c.h; path = MJRefreshAutoGifFooter.h; sourceTree = "<group>"; };
		B198E0391C45E911003BBF99 /* MJRefreshAutoGifFooter.m */ = {isa = PBXFileReference; fileEncoding = 4; lastKnownFileType = sourcecode.c.objc; path = MJRefreshAutoGifFooter.m; sourceTree = "<group>"; };
		B198E03A1C45E911003BBF99 /* MJRefreshAutoNormalFooter.h */ = {isa = PBXFileReference; fileEncoding = 4; lastKnownFileType = sourcecode.c.h; path = MJRefreshAutoNormalFooter.h; sourceTree = "<group>"; };
		B198E03B1C45E911003BBF99 /* MJRefreshAutoNormalFooter.m */ = {isa = PBXFileReference; fileEncoding = 4; lastKnownFileType = sourcecode.c.objc; path = MJRefreshAutoNormalFooter.m; sourceTree = "<group>"; };
		B198E03C1C45E911003BBF99 /* MJRefreshAutoStateFooter.h */ = {isa = PBXFileReference; fileEncoding = 4; lastKnownFileType = sourcecode.c.h; path = MJRefreshAutoStateFooter.h; sourceTree = "<group>"; };
		B198E03D1C45E911003BBF99 /* MJRefreshAutoStateFooter.m */ = {isa = PBXFileReference; fileEncoding = 4; lastKnownFileType = sourcecode.c.objc; path = MJRefreshAutoStateFooter.m; sourceTree = "<group>"; };
		B198E03F1C45E911003BBF99 /* MJRefreshBackGifFooter.h */ = {isa = PBXFileReference; fileEncoding = 4; lastKnownFileType = sourcecode.c.h; path = MJRefreshBackGifFooter.h; sourceTree = "<group>"; };
		B198E0401C45E911003BBF99 /* MJRefreshBackGifFooter.m */ = {isa = PBXFileReference; fileEncoding = 4; lastKnownFileType = sourcecode.c.objc; path = MJRefreshBackGifFooter.m; sourceTree = "<group>"; };
		B198E0411C45E911003BBF99 /* MJRefreshBackNormalFooter.h */ = {isa = PBXFileReference; fileEncoding = 4; lastKnownFileType = sourcecode.c.h; path = MJRefreshBackNormalFooter.h; sourceTree = "<group>"; };
		B198E0421C45E911003BBF99 /* MJRefreshBackNormalFooter.m */ = {isa = PBXFileReference; fileEncoding = 4; lastKnownFileType = sourcecode.c.objc; path = MJRefreshBackNormalFooter.m; sourceTree = "<group>"; };
		B198E0431C45E911003BBF99 /* MJRefreshBackStateFooter.h */ = {isa = PBXFileReference; fileEncoding = 4; lastKnownFileType = sourcecode.c.h; path = MJRefreshBackStateFooter.h; sourceTree = "<group>"; };
		B198E0441C45E911003BBF99 /* MJRefreshBackStateFooter.m */ = {isa = PBXFileReference; fileEncoding = 4; lastKnownFileType = sourcecode.c.objc; path = MJRefreshBackStateFooter.m; sourceTree = "<group>"; };
		B198E0461C45E911003BBF99 /* MJRefreshGifHeader.h */ = {isa = PBXFileReference; fileEncoding = 4; lastKnownFileType = sourcecode.c.h; path = MJRefreshGifHeader.h; sourceTree = "<group>"; };
		B198E0471C45E911003BBF99 /* MJRefreshGifHeader.m */ = {isa = PBXFileReference; fileEncoding = 4; lastKnownFileType = sourcecode.c.objc; path = MJRefreshGifHeader.m; sourceTree = "<group>"; };
		B198E0481C45E911003BBF99 /* MJRefreshNormalHeader.h */ = {isa = PBXFileReference; fileEncoding = 4; lastKnownFileType = sourcecode.c.h; path = MJRefreshNormalHeader.h; sourceTree = "<group>"; };
		B198E0491C45E911003BBF99 /* MJRefreshNormalHeader.m */ = {isa = PBXFileReference; fileEncoding = 4; lastKnownFileType = sourcecode.c.objc; path = MJRefreshNormalHeader.m; sourceTree = "<group>"; };
		B198E04A1C45E911003BBF99 /* MJRefreshStateHeader.h */ = {isa = PBXFileReference; fileEncoding = 4; lastKnownFileType = sourcecode.c.h; path = MJRefreshStateHeader.h; sourceTree = "<group>"; };
		B198E04B1C45E911003BBF99 /* MJRefreshStateHeader.m */ = {isa = PBXFileReference; fileEncoding = 4; lastKnownFileType = sourcecode.c.objc; path = MJRefreshStateHeader.m; sourceTree = "<group>"; };
		B198E04C1C45E911003BBF99 /* MJRefresh.bundle */ = {isa = PBXFileReference; lastKnownFileType = "wrapper.plug-in"; path = MJRefresh.bundle; sourceTree = "<group>"; };
		B198E04D1C45E911003BBF99 /* MJRefresh.h */ = {isa = PBXFileReference; fileEncoding = 4; lastKnownFileType = sourcecode.c.h; path = MJRefresh.h; sourceTree = "<group>"; };
		B198E04E1C45E911003BBF99 /* MJRefreshConst.h */ = {isa = PBXFileReference; fileEncoding = 4; lastKnownFileType = sourcecode.c.h; path = MJRefreshConst.h; sourceTree = "<group>"; };
		B198E04F1C45E911003BBF99 /* MJRefreshConst.m */ = {isa = PBXFileReference; fileEncoding = 4; lastKnownFileType = sourcecode.c.objc; path = MJRefreshConst.m; sourceTree = "<group>"; };
		B198E0501C45E911003BBF99 /* UIScrollView+MJExtension.h */ = {isa = PBXFileReference; fileEncoding = 4; lastKnownFileType = sourcecode.c.h; path = "UIScrollView+MJExtension.h"; sourceTree = "<group>"; };
		B198E0511C45E911003BBF99 /* UIScrollView+MJExtension.m */ = {isa = PBXFileReference; fileEncoding = 4; lastKnownFileType = sourcecode.c.objc; path = "UIScrollView+MJExtension.m"; sourceTree = "<group>"; };
		B198E0521C45E911003BBF99 /* UIScrollView+MJRefresh.h */ = {isa = PBXFileReference; fileEncoding = 4; lastKnownFileType = sourcecode.c.h; path = "UIScrollView+MJRefresh.h"; sourceTree = "<group>"; };
		B198E0531C45E911003BBF99 /* UIScrollView+MJRefresh.m */ = {isa = PBXFileReference; fileEncoding = 4; lastKnownFileType = sourcecode.c.objc; path = "UIScrollView+MJRefresh.m"; sourceTree = "<group>"; };
		B198E0541C45E911003BBF99 /* UIView+MJExtension.h */ = {isa = PBXFileReference; fileEncoding = 4; lastKnownFileType = sourcecode.c.h; path = "UIView+MJExtension.h"; sourceTree = "<group>"; };
		B198E0551C45E911003BBF99 /* UIView+MJExtension.m */ = {isa = PBXFileReference; fileEncoding = 4; lastKnownFileType = sourcecode.c.objc; path = "UIView+MJExtension.m"; sourceTree = "<group>"; };
		B1B77B8D1C3F5B89005300B6 /* SLStatusToolBar.h */ = {isa = PBXFileReference; fileEncoding = 4; lastKnownFileType = sourcecode.c.h; path = SLStatusToolBar.h; sourceTree = "<group>"; };
		B1B77B8E1C3F5B89005300B6 /* SLStatusToolBar.m */ = {isa = PBXFileReference; fileEncoding = 4; lastKnownFileType = sourcecode.c.objc; path = SLStatusToolBar.m; sourceTree = "<group>"; };
		B1B77B901C3F6221005300B6 /* SLReweetStatusView.h */ = {isa = PBXFileReference; fileEncoding = 4; lastKnownFileType = sourcecode.c.h; path = SLReweetStatusView.h; sourceTree = "<group>"; };
		B1B77B911C3F6221005300B6 /* SLReweetStatusView.m */ = {isa = PBXFileReference; fileEncoding = 4; lastKnownFileType = sourcecode.c.objc; path = SLReweetStatusView.m; sourceTree = "<group>"; };
		B1B77B931C3F6262005300B6 /* SLSelfStatusView.h */ = {isa = PBXFileReference; fileEncoding = 4; lastKnownFileType = sourcecode.c.h; path = SLSelfStatusView.h; sourceTree = "<group>"; };
		B1B77B941C3F6262005300B6 /* SLSelfStatusView.m */ = {isa = PBXFileReference; fileEncoding = 4; lastKnownFileType = sourcecode.c.objc; path = SLSelfStatusView.m; sourceTree = "<group>"; };
		BEBD1931C0DD20D5A1F10DF0 /* Pods-SLWeibo.release.xcconfig */ = {isa = PBXFileReference; includeInIndex = 1; lastKnownFileType = text.xcconfig; name = "Pods-SLWeibo.release.xcconfig"; path = "Pods/Target Support Files/Pods-SLWeibo/Pods-SLWeibo.release.xcconfig"; sourceTree = "<group>"; };
/* End PBXFileReference section */

/* Begin PBXFrameworksBuildPhase section */
		B16DE3301C3967E8007D300C /* Frameworks */ = {
			isa = PBXFrameworksBuildPhase;
			buildActionMask = 2147483647;
			files = (
				1B61A8188CB2C57948A92D03 /* libPods-SLWeibo.a in Frameworks */,
			);
			runOnlyForDeploymentPostprocessing = 0;
		};
/* End PBXFrameworksBuildPhase section */

/* Begin PBXGroup section */
		27D92FDA44053824AB412DBD /* Frameworks */ = {
			isa = PBXGroup;
			children = (
				039EFAA533FCA51666D44100 /* libPods-SLWeibo.a */,
			);
			name = Frameworks;
			sourceTree = "<group>";
		};
		7C0C2DF4EFE0D7D271EF4CF0 /* Pods */ = {
			isa = PBXGroup;
			children = (
				49694CB5EC244A581B99BC7B /* Pods-SLWeibo.debug.xcconfig */,
				BEBD1931C0DD20D5A1F10DF0 /* Pods-SLWeibo.release.xcconfig */,
			);
			name = Pods;
			sourceTree = "<group>";
		};
		B102CD2C1C3BF67300132E55 /* SDWebImage */ = {
			isa = PBXGroup;
			children = (
				B102CD2D1C3BF67300132E55 /* MKAnnotationView+WebCache.h */,
				B102CD2E1C3BF67300132E55 /* MKAnnotationView+WebCache.m */,
				B102CD2F1C3BF67300132E55 /* NSData+ImageContentType.h */,
				B102CD301C3BF67300132E55 /* NSData+ImageContentType.m */,
				B102CD311C3BF67300132E55 /* SDImageCache.h */,
				B102CD321C3BF67300132E55 /* SDImageCache.m */,
				B102CD331C3BF67300132E55 /* SDWebImageCompat.h */,
				B102CD341C3BF67300132E55 /* SDWebImageCompat.m */,
				B102CD351C3BF67300132E55 /* SDWebImageDecoder.h */,
				B102CD361C3BF67300132E55 /* SDWebImageDecoder.m */,
				B102CD371C3BF67300132E55 /* SDWebImageDownloader.h */,
				B102CD381C3BF67300132E55 /* SDWebImageDownloader.m */,
				B102CD391C3BF67300132E55 /* SDWebImageDownloaderOperation.h */,
				B102CD3A1C3BF67300132E55 /* SDWebImageDownloaderOperation.m */,
				B102CD3B1C3BF67300132E55 /* SDWebImageManager.h */,
				B102CD3C1C3BF67300132E55 /* SDWebImageManager.m */,
				B102CD3D1C3BF67300132E55 /* SDWebImageOperation.h */,
				B102CD3E1C3BF67300132E55 /* SDWebImagePrefetcher.h */,
				B102CD3F1C3BF67300132E55 /* SDWebImagePrefetcher.m */,
				B102CD401C3BF67300132E55 /* UIButton+WebCache.h */,
				B102CD411C3BF67300132E55 /* UIButton+WebCache.m */,
				B102CD421C3BF67300132E55 /* UIImage+GIF.h */,
				B102CD431C3BF67300132E55 /* UIImage+GIF.m */,
				B102CD441C3BF67300132E55 /* UIImage+MultiFormat.h */,
				B102CD451C3BF67300132E55 /* UIImage+MultiFormat.m */,
				B102CD461C3BF67300132E55 /* UIImage+WebP.h */,
				B102CD471C3BF67300132E55 /* UIImage+WebP.m */,
				B102CD481C3BF67300132E55 /* UIImageView+HighlightedWebCache.h */,
				B102CD491C3BF67300132E55 /* UIImageView+HighlightedWebCache.m */,
				B102CD4A1C3BF67300132E55 /* UIImageView+WebCache.h */,
				B102CD4B1C3BF67300132E55 /* UIImageView+WebCache.m */,
				B102CD4C1C3BF67300132E55 /* UIView+WebCacheOperation.h */,
				B102CD4D1C3BF67300132E55 /* UIView+WebCacheOperation.m */,
			);
			path = SDWebImage;
			sourceTree = "<group>";
		};
		B11E31DF1C43EF5A00CDB5A4 /* MJPhotoBrowser */ = {
			isa = PBXGroup;
			children = (
				B11E31E01C43EF5A00CDB5A4 /* MJPhoto.h */,
				B11E31E11C43EF5A00CDB5A4 /* MJPhoto.m */,
				B11E31E21C43EF5A00CDB5A4 /* MJPhotoBrowser.bundle */,
				B11E31E31C43EF5A00CDB5A4 /* MJPhotoBrowser.h */,
				B11E31E41C43EF5A00CDB5A4 /* MJPhotoBrowser.m */,
				B11E31E51C43EF5A00CDB5A4 /* MJPhotoLoadingView.h */,
				B11E31E61C43EF5A00CDB5A4 /* MJPhotoLoadingView.m */,
				B11E31E71C43EF5A00CDB5A4 /* MJPhotoProgressView.h */,
				B11E31E81C43EF5A00CDB5A4 /* MJPhotoProgressView.m */,
				B11E31E91C43EF5A00CDB5A4 /* MJPhotoToolbar.h */,
				B11E31EA1C43EF5A00CDB5A4 /* MJPhotoToolbar.m */,
				B11E31EB1C43EF5A00CDB5A4 /* MJPhotoView.h */,
				B11E31EC1C43EF5A00CDB5A4 /* MJPhotoView.m */,
				B11E31ED1C43EF5A00CDB5A4 /* SDWebImageManager+MJ.h */,
				B11E31EE1C43EF5A00CDB5A4 /* SDWebImageManager+MJ.m */,
			);
			path = MJPhotoBrowser;
			sourceTree = "<group>";
		};
		B130C0B01C3CF93500E283DA /* MJExtension */ = {
			isa = PBXGroup;
			children = (
				B130C0B11C3CF93500E283DA /* MJDictionaryCache.h */,
				B130C0B21C3CF93500E283DA /* MJDictionaryCache.m */,
				B130C0B31C3CF93500E283DA /* MJExtension.h */,
				B130C0B41C3CF93500E283DA /* MJExtensionConst.h */,
				B130C0B51C3CF93500E283DA /* MJExtensionConst.m */,
				B130C0B61C3CF93500E283DA /* MJFoundation.h */,
				B130C0B71C3CF93500E283DA /* MJFoundation.m */,
				B130C0B81C3CF93500E283DA /* MJProperty.h */,
				B130C0B91C3CF93500E283DA /* MJProperty.m */,
				B130C0BA1C3CF93500E283DA /* MJPropertyKey.h */,
				B130C0BB1C3CF93500E283DA /* MJPropertyKey.m */,
				B130C0BC1C3CF93500E283DA /* MJPropertyType.h */,
				B130C0BD1C3CF93500E283DA /* MJPropertyType.m */,
				B130C0BE1C3CF93500E283DA /* NSObject+MJClass.h */,
				B130C0BF1C3CF93500E283DA /* NSObject+MJClass.m */,
				B130C0C01C3CF93500E283DA /* NSObject+MJCoding.h */,
				B130C0C11C3CF93500E283DA /* NSObject+MJCoding.m */,
				B130C0C21C3CF93500E283DA /* NSObject+MJKeyValue.h */,
				B130C0C31C3CF93500E283DA /* NSObject+MJKeyValue.m */,
				B130C0C41C3CF93500E283DA /* NSObject+MJProperty.h */,
				B130C0C51C3CF93500E283DA /* NSObject+MJProperty.m */,
				B130C0C61C3CF93500E283DA /* NSString+MJExtension.h */,
				B130C0C71C3CF93500E283DA /* NSString+MJExtension.m */,
			);
			path = MJExtension;
			sourceTree = "<group>";
		};
		B139E48B1C53A10F002013E5 /* Compose */ = {
			isa = PBXGroup;
			children = (
				B139E48C1C53A10F002013E5 /* Controller */,
				B139E48D1C53A10F002013E5 /* Model */,
				B139E48E1C53A10F002013E5 /* View */,
			);
			path = Compose;
			sourceTree = "<group>";
		};
		B139E48C1C53A10F002013E5 /* Controller */ = {
			isa = PBXGroup;
			children = (
				B139E48F1C53A142002013E5 /* SLComposeViewController.h */,
				B139E4901C53A142002013E5 /* SLComposeViewController.m */,
			);
			path = Controller;
			sourceTree = "<group>";
		};
		B139E48D1C53A10F002013E5 /* Model */ = {
			isa = PBXGroup;
			children = (
			);
			path = Model;
			sourceTree = "<group>";
		};
		B139E48E1C53A10F002013E5 /* View */ = {
			isa = PBXGroup;
			children = (
				B139E4921C53A196002013E5 /* SLComposeToolbar.h */,
				B139E4931C53A196002013E5 /* SLComposeToolbar.m */,
				B139E4951C53A2B2002013E5 /* SLTextView.h */,
				B139E4961C53A2B2002013E5 /* SLTextView.m */,
				B139E4981C53A300002013E5 /* SLComposePhotosView.h */,
				B139E4991C53A300002013E5 /* SLComposePhotosView.m */,
			);
			path = View;
			sourceTree = "<group>";
		};
		B13A22781C3A1E4500E2EF71 /* NewPart */ = {
			isa = PBXGroup;
			children = (
				B13A22791C3A1E4500E2EF71 /* Controller */,
				B13A227A1C3A1E4500E2EF71 /* Model */,
				B13A227B1C3A1E4500E2EF71 /* View */,
			);
			path = NewPart;
			sourceTree = "<group>";
		};
		B13A22791C3A1E4500E2EF71 /* Controller */ = {
			isa = PBXGroup;
			children = (
				B13A227C1C3A1E9400E2EF71 /* SLNewPartController.h */,
				B13A227D1C3A1E9400E2EF71 /* SLNewPartController.m */,
			);
			path = Controller;
			sourceTree = "<group>";
		};
		B13A227A1C3A1E4500E2EF71 /* Model */ = {
			isa = PBXGroup;
			children = (
			);
			path = Model;
			sourceTree = "<group>";
		};
		B13A227B1C3A1E4500E2EF71 /* View */ = {
			isa = PBXGroup;
			children = (
			);
			path = View;
			sourceTree = "<group>";
		};
		B13B3B3D1C3AAD1100B0194A /* Author */ = {
			isa = PBXGroup;
			children = (
				B13B3B3E1C3AAD1100B0194A /* Controller */,
				B13B3B3F1C3AAD1100B0194A /* Model */,
				B13B3B401C3AAD1100B0194A /* View */,
			);
			path = Author;
			sourceTree = "<group>";
		};
		B13B3B3E1C3AAD1100B0194A /* Controller */ = {
			isa = PBXGroup;
			children = (
				B13B3B411C3AAD2C00B0194A /* SLAuthorController.h */,
				B13B3B421C3AAD2C00B0194A /* SLAuthorController.m */,
			);
			path = Controller;
			sourceTree = "<group>";
		};
		B13B3B3F1C3AAD1100B0194A /* Model */ = {
			isa = PBXGroup;
			children = (
				B13B3B581C3AB97600B0194A /* SLAccount.h */,
				B13B3B591C3AB97600B0194A /* SLAccount.m */,
			);
			path = Model;
			sourceTree = "<group>";
		};
		B13B3B401C3AAD1100B0194A /* View */ = {
			isa = PBXGroup;
			children = (
			);
			path = View;
			sourceTree = "<group>";
		};
		B13B3B441C3AB42300B0194A /* AFNetworking */ = {
			isa = PBXGroup;
			children = (
				B13B3B451C3AB42300B0194A /* AFHTTPSessionManager.h */,
				B13B3B461C3AB42300B0194A /* AFHTTPSessionManager.m */,
				B13B3B471C3AB42300B0194A /* AFNetworking.h */,
				B13B3B481C3AB42300B0194A /* AFNetworkReachabilityManager.h */,
				B13B3B491C3AB42300B0194A /* AFNetworkReachabilityManager.m */,
				B13B3B4A1C3AB42300B0194A /* AFSecurityPolicy.h */,
				B13B3B4B1C3AB42300B0194A /* AFSecurityPolicy.m */,
				B13B3B4C1C3AB42300B0194A /* AFURLRequestSerialization.h */,
				B13B3B4D1C3AB42300B0194A /* AFURLRequestSerialization.m */,
				B13B3B4E1C3AB42300B0194A /* AFURLResponseSerialization.h */,
				B13B3B4F1C3AB42300B0194A /* AFURLResponseSerialization.m */,
				B13B3B501C3AB42300B0194A /* AFURLSessionManager.h */,
				B13B3B511C3AB42300B0194A /* AFURLSessionManager.m */,
			);
			path = AFNetworking;
			sourceTree = "<group>";
		};
		B16DE32A1C3967E8007D300C = {
			isa = PBXGroup;
			children = (
				B16DE3351C3967E8007D300C /* SLWeibo */,
				B16DE3341C3967E8007D300C /* Products */,
				7C0C2DF4EFE0D7D271EF4CF0 /* Pods */,
				27D92FDA44053824AB412DBD /* Frameworks */,
			);
			sourceTree = "<group>";
		};
		B16DE3341C3967E8007D300C /* Products */ = {
			isa = PBXGroup;
			children = (
				B16DE3331C3967E8007D300C /* SLWeibo.app */,
			);
			name = Products;
			sourceTree = "<group>";
		};
		B16DE3351C3967E8007D300C /* SLWeibo */ = {
			isa = PBXGroup;
			children = (
				B16DE3671C3970B0007D300C /* Class */,
				B16DE3881C3970BB007D300C /* Other */,
				B16DE3621C396F68007D300C /* Support */,
			);
			path = SLWeibo;
			sourceTree = "<group>";
		};
		B16DE3621C396F68007D300C /* Support */ = {
			isa = PBXGroup;
			children = (
				B16DE3911C397380007D300C /* Info.plist */,
				B16DE3421C3967E8007D300C /* Assets.xcassets */,
			);
			name = Support;
			sourceTree = "<group>";
		};
		B16DE3671C3970B0007D300C /* Class */ = {
			isa = PBXGroup;
			children = (
				B139E48B1C53A10F002013E5 /* Compose */,
				B13B3B3D1C3AAD1100B0194A /* Author */,
				B13A22781C3A1E4500E2EF71 /* NewPart */,
				B16DE3721C3970B0007D300C /* Main */,
				B16DE36E1C3970B0007D300C /* Home */,
				B16DE3681C3970B0007D300C /* Discover */,
				B16DE3781C3970B0007D300C /* Me */,
				B16DE37E1C3970B0007D300C /* Message */,
			);
			path = Class;
			sourceTree = "<group>";
		};
		B16DE3681C3970B0007D300C /* Discover */ = {
			isa = PBXGroup;
			children = (
				B16DE3691C3970B0007D300C /* Controller */,
				B16DE36C1C3970B0007D300C /* Model */,
				B16DE36D1C3970B0007D300C /* View */,
			);
			path = Discover;
			sourceTree = "<group>";
		};
		B16DE3691C3970B0007D300C /* Controller */ = {
			isa = PBXGroup;
			children = (
				B16DE36A1C3970B0007D300C /* SLDiscoverViewController.h */,
				B16DE36B1C3970B0007D300C /* SLDiscoverViewController.m */,
			);
			path = Controller;
			sourceTree = "<group>";
		};
		B16DE36C1C3970B0007D300C /* Model */ = {
			isa = PBXGroup;
			children = (
			);
			path = Model;
			sourceTree = "<group>";
		};
		B16DE36D1C3970B0007D300C /* View */ = {
			isa = PBXGroup;
			children = (
				B13A22751C3A1A4D00E2EF71 /* SLSearchBar.h */,
				B13A22761C3A1A4D00E2EF71 /* SLSearchBar.m */,
			);
			path = View;
			sourceTree = "<group>";
		};
		B16DE36E1C3970B0007D300C /* Home */ = {
			isa = PBXGroup;
			children = (
				B16DE36F1C3970B0007D300C /* Controller */,
				B16DE3701C3970B0007D300C /* Model */,
				B16DE3711C3970B0007D300C /* View */,
			);
			path = Home;
			sourceTree = "<group>";
		};
		B16DE36F1C3970B0007D300C /* Controller */ = {
			isa = PBXGroup;
			children = (
				B16DE38E1C397124007D300C /* SLHomeViewController.h */,
				B16DE38F1C397124007D300C /* SLHomeViewController.m */,
			);
			path = Controller;
			sourceTree = "<group>";
		};
		B16DE3701C3970B0007D300C /* Model */ = {
			isa = PBXGroup;
			children = (
				B102CD291C3BF2B100132E55 /* SLStatus.h */,
				B102CD2A1C3BF2B100132E55 /* SLStatus.m */,
				B130C0AD1C3CF75500E283DA /* SLUser.h */,
				B130C0AE1C3CF75500E283DA /* SLUser.m */,
				B130C0D61C3CFA5200E283DA /* SLStatusFrame.h */,
				B130C0D71C3CFA5200E283DA /* SLStatusFrame.m */,
				B192316D1C43D789006BECCA /* SLPhoto.h */,
				B192316E1C43D789006BECCA /* SLPhoto.m */,
			);
			path = Model;
			sourceTree = "<group>";
		};
		B16DE3711C3970B0007D300C /* View */ = {
			isa = PBXGroup;
			children = (
				B13A22721C3A167300E2EF71 /* SLTitleBtn.h */,
				B13A22731C3A167300E2EF71 /* SLTitleBtn.m */,
				B130C0D31C3CFA3600E283DA /* SLStatusCell.h */,
				B130C0D41C3CFA3600E283DA /* SLStatusCell.m */,
				B1B77B8D1C3F5B89005300B6 /* SLStatusToolBar.h */,
				B1B77B8E1C3F5B89005300B6 /* SLStatusToolBar.m */,
				B1B77B901C3F6221005300B6 /* SLReweetStatusView.h */,
				B1B77B911C3F6221005300B6 /* SLReweetStatusView.m */,
				B1B77B931C3F6262005300B6 /* SLSelfStatusView.h */,
				B1B77B941C3F6262005300B6 /* SLSelfStatusView.m */,
				B11E31D91C43E78500CDB5A4 /* SLPhotoView.h */,
				B11E31DA1C43E78500CDB5A4 /* SLPhotoView.m */,
				B11E31DC1C43EA9A00CDB5A4 /* SLPhotosView.h */,
				B11E31DD1C43EA9A00CDB5A4 /* SLPhotosView.m */,
			);
			path = View;
			sourceTree = "<group>";
		};
		B16DE3721C3970B0007D300C /* Main */ = {
			isa = PBXGroup;
			children = (
				B16DE3731C3970B0007D300C /* Controller */,
				B16DE3761C3970B0007D300C /* Model */,
				B16DE3771C3970B0007D300C /* View */,
			);
			path = Main;
			sourceTree = "<group>";
		};
		B16DE3731C3970B0007D300C /* Controller */ = {
			isa = PBXGroup;
			children = (
				B16DE3741C3970B0007D300C /* SLTabBarController.h */,
				B16DE3751C3970B0007D300C /* SLTabBarController.m */,
				B13A226C1C3A0A7200E2EF71 /* SLNavigationController.h */,
				B13A226D1C3A0A7200E2EF71 /* SLNavigationController.m */,
			);
			path = Controller;
			sourceTree = "<group>";
		};
		B16DE3761C3970B0007D300C /* Model */ = {
			isa = PBXGroup;
			children = (
			);
			path = Model;
			sourceTree = "<group>";
		};
		B16DE3771C3970B0007D300C /* View */ = {
			isa = PBXGroup;
			children = (
				B16DE3931C3976FD007D300C /* SLTabBar.h */,
				B16DE3941C3976FD007D300C /* SLTabBar.m */,
				B16DE3991C397D1F007D300C /* SLTabBarButton.h */,
				B16DE39A1C397D1F007D300C /* SLTabBarButton.m */,
				B13A22661C39DB3D00E2EF71 /* SLBadgeButton.h */,
				B13A22671C39DB3D00E2EF71 /* SLBadgeButton.m */,
			);
			path = View;
			sourceTree = "<group>";
		};
		B16DE3781C3970B0007D300C /* Me */ = {
			isa = PBXGroup;
			children = (
				B16DE3791C3970B0007D300C /* Controller */,
				B16DE37C1C3970B0007D300C /* Model */,
				B16DE37D1C3970B0007D300C /* View */,
			);
			path = Me;
			sourceTree = "<group>";
		};
		B16DE3791C3970B0007D300C /* Controller */ = {
			isa = PBXGroup;
			children = (
				B16DE37A1C3970B0007D300C /* SLMeViewController.h */,
				B16DE37B1C3970B0007D300C /* SLMeViewController.m */,
				B1454FBC1C894B6300878914 /* SLSetController.h */,
				B1454FBD1C894B6300878914 /* SLSetController.m */,
			);
			path = Controller;
			sourceTree = "<group>";
		};
		B16DE37C1C3970B0007D300C /* Model */ = {
			isa = PBXGroup;
			children = (
			);
			path = Model;
			sourceTree = "<group>";
		};
		B16DE37D1C3970B0007D300C /* View */ = {
			isa = PBXGroup;
			children = (
			);
			path = View;
			sourceTree = "<group>";
		};
		B16DE37E1C3970B0007D300C /* Message */ = {
			isa = PBXGroup;
			children = (
				B16DE37F1C3970B0007D300C /* Controller */,
				B16DE3821C3970B0007D300C /* Model */,
				B16DE3831C3970B0007D300C /* View */,
			);
			path = Message;
			sourceTree = "<group>";
		};
		B16DE37F1C3970B0007D300C /* Controller */ = {
			isa = PBXGroup;
			children = (
				B16DE3801C3970B0007D300C /* SLMessageViewController.h */,
				B16DE3811C3970B0007D300C /* SLMessageViewController.m */,
			);
			path = Controller;
			sourceTree = "<group>";
		};
		B16DE3821C3970B0007D300C /* Model */ = {
			isa = PBXGroup;
			children = (
			);
			path = Model;
			sourceTree = "<group>";
		};
		B16DE3831C3970B0007D300C /* View */ = {
			isa = PBXGroup;
			children = (
			);
			path = View;
			sourceTree = "<group>";
		};
		B16DE3881C3970BB007D300C /* Other */ = {
			isa = PBXGroup;
			children = (
				B198E0291C45E911003BBF99 /* MJRefresh */,
				B198E0281C45E2AB003BBF99 /* MyTool */,
				B198E0271C45E27A003BBF99 /* MyCata */,
				B11E31DF1C43EF5A00CDB5A4 /* MJPhotoBrowser */,
				B130C0B01C3CF93500E283DA /* MJExtension */,
				B102CD2C1C3BF67300132E55 /* SDWebImage */,
				B13B3B441C3AB42300B0194A /* AFNetworking */,
				B16DE3891C3970BB007D300C /* AppDelegate.h */,
				B16DE38A1C3970BB007D300C /* AppDelegate.m */,
				B16DE38B1C3970BB007D300C /* main.m */,
			);
			path = Other;
			sourceTree = "<group>";
		};
		B198E0271C45E27A003BBF99 /* MyCata */ = {
			isa = PBXGroup;
			children = (
				B130C0DD1C3D260D00E283DA /* NSString+SL.m */,
				B13A22691C39DBFB00E2EF71 /* UIImage+SL.h */,
				B13A226A1C39DBFB00E2EF71 /* UIImage+SL.m */,
				B13A226F1C3A14EA00E2EF71 /* UIBarButtonItem+SL.h */,
				B13A22701C3A14EA00E2EF71 /* UIBarButtonItem+SL.m */,
				B130C0D91C3CFC6000E283DA /* NSDate+MJ.h */,
				B130C0DA1C3CFC6000E283DA /* NSDate+MJ.m */,
				B130C0DC1C3D260D00E283DA /* NSString+SL.h */,
			);
			name = MyCata;
			sourceTree = "<group>";
		};
		B198E0281C45E2AB003BBF99 /* MyTool */ = {
			isa = PBXGroup;
			children = (
				B102CD261C3BEDEA00132E55 /* SLAccountTool.h */,
				B102CD271C3BEDEA00132E55 /* SLAccountTool.m */,
				B139E49B1C53B2CF002013E5 /* SLHttpTool.h */,
				B139E49C1C53B2CF002013E5 /* SLHttpTool.m */,
				B102CD221C3BEC9B00132E55 /* SLWeiboTool.h */,
				B102CD231C3BEC9B00132E55 /* SLWeiboTool.m */,
			);
			name = MyTool;
			sourceTree = "<group>";
		};
		B198E0291C45E911003BBF99 /* MJRefresh */ = {
			isa = PBXGroup;
			children = (
				B198E02A1C45E911003BBF99 /* Base */,
				B198E0351C45E911003BBF99 /* Custom */,
				B198E04C1C45E911003BBF99 /* MJRefresh.bundle */,
				B198E04D1C45E911003BBF99 /* MJRefresh.h */,
				B198E04E1C45E911003BBF99 /* MJRefreshConst.h */,
				B198E04F1C45E911003BBF99 /* MJRefreshConst.m */,
				B198E0501C45E911003BBF99 /* UIScrollView+MJExtension.h */,
				B198E0511C45E911003BBF99 /* UIScrollView+MJExtension.m */,
				B198E0521C45E911003BBF99 /* UIScrollView+MJRefresh.h */,
				B198E0531C45E911003BBF99 /* UIScrollView+MJRefresh.m */,
				B198E0541C45E911003BBF99 /* UIView+MJExtension.h */,
				B198E0551C45E911003BBF99 /* UIView+MJExtension.m */,
			);
			path = MJRefresh;
			sourceTree = "<group>";
		};
		B198E02A1C45E911003BBF99 /* Base */ = {
			isa = PBXGroup;
			children = (
				B198E02B1C45E911003BBF99 /* MJRefreshAutoFooter.h */,
				B198E02C1C45E911003BBF99 /* MJRefreshAutoFooter.m */,
				B198E02D1C45E911003BBF99 /* MJRefreshBackFooter.h */,
				B198E02E1C45E911003BBF99 /* MJRefreshBackFooter.m */,
				B198E02F1C45E911003BBF99 /* MJRefreshComponent.h */,
				B198E0301C45E911003BBF99 /* MJRefreshComponent.m */,
				B198E0311C45E911003BBF99 /* MJRefreshFooter.h */,
				B198E0321C45E911003BBF99 /* MJRefreshFooter.m */,
				B198E0331C45E911003BBF99 /* MJRefreshHeader.h */,
				B198E0341C45E911003BBF99 /* MJRefreshHeader.m */,
			);
			path = Base;
			sourceTree = "<group>";
		};
		B198E0351C45E911003BBF99 /* Custom */ = {
			isa = PBXGroup;
			children = (
				B198E0361C45E911003BBF99 /* Footer */,
				B198E0451C45E911003BBF99 /* Header */,
			);
			path = Custom;
			sourceTree = "<group>";
		};
		B198E0361C45E911003BBF99 /* Footer */ = {
			isa = PBXGroup;
			children = (
				B198E0371C45E911003BBF99 /* Auto */,
				B198E03E1C45E911003BBF99 /* Back */,
			);
			path = Footer;
			sourceTree = "<group>";
		};
		B198E0371C45E911003BBF99 /* Auto */ = {
			isa = PBXGroup;
			children = (
				B198E0381C45E911003BBF99 /* MJRefreshAutoGifFooter.h */,
				B198E0391C45E911003BBF99 /* MJRefreshAutoGifFooter.m */,
				B198E03A1C45E911003BBF99 /* MJRefreshAutoNormalFooter.h */,
				B198E03B1C45E911003BBF99 /* MJRefreshAutoNormalFooter.m */,
				B198E03C1C45E911003BBF99 /* MJRefreshAutoStateFooter.h */,
				B198E03D1C45E911003BBF99 /* MJRefreshAutoStateFooter.m */,
			);
			path = Auto;
			sourceTree = "<group>";
		};
		B198E03E1C45E911003BBF99 /* Back */ = {
			isa = PBXGroup;
			children = (
				B198E03F1C45E911003BBF99 /* MJRefreshBackGifFooter.h */,
				B198E0401C45E911003BBF99 /* MJRefreshBackGifFooter.m */,
				B198E0411C45E911003BBF99 /* MJRefreshBackNormalFooter.h */,
				B198E0421C45E911003BBF99 /* MJRefreshBackNormalFooter.m */,
				B198E0431C45E911003BBF99 /* MJRefreshBackStateFooter.h */,
				B198E0441C45E911003BBF99 /* MJRefreshBackStateFooter.m */,
			);
			path = Back;
			sourceTree = "<group>";
		};
		B198E0451C45E911003BBF99 /* Header */ = {
			isa = PBXGroup;
			children = (
				B198E0461C45E911003BBF99 /* MJRefreshGifHeader.h */,
				B198E0471C45E911003BBF99 /* MJRefreshGifHeader.m */,
				B198E0481C45E911003BBF99 /* MJRefreshNormalHeader.h */,
				B198E0491C45E911003BBF99 /* MJRefreshNormalHeader.m */,
				B198E04A1C45E911003BBF99 /* MJRefreshStateHeader.h */,
				B198E04B1C45E911003BBF99 /* MJRefreshStateHeader.m */,
			);
			path = Header;
			sourceTree = "<group>";
		};
/* End PBXGroup section */

/* Begin PBXNativeTarget section */
		B16DE3321C3967E8007D300C /* SLWeibo */ = {
			isa = PBXNativeTarget;
			buildConfigurationList = B16DE34A1C3967E8007D300C /* Build configuration list for PBXNativeTarget "SLWeibo" */;
			buildPhases = (
				23E7371DEAA425393E1AC207 /* [CP] Check Pods Manifest.lock */,
				B16DE32F1C3967E8007D300C /* Sources */,
				B16DE3301C3967E8007D300C /* Frameworks */,
				B16DE3311C3967E8007D300C /* Resources */,
				E3FD62BD316109DF9B5E050C /* [CP] Embed Pods Frameworks */,
				FF7F2E7E1CA4F5FC8965D729 /* [CP] Copy Pods Resources */,
			);
			buildRules = (
			);
			dependencies = (
			);
			name = SLWeibo;
			productName = SLWeibo;
			productReference = B16DE3331C3967E8007D300C /* SLWeibo.app */;
			productType = "com.apple.product-type.application";
		};
/* End PBXNativeTarget section */

/* Begin PBXProject section */
		B16DE32B1C3967E8007D300C /* Project object */ = {
			isa = PBXProject;
			attributes = {
				LastUpgradeCheck = 0700;
				ORGANIZATIONNAME = cn.Xsoft;
				TargetAttributes = {
					B16DE3321C3967E8007D300C = {
						CreatedOnToolsVersion = 7.0.1;
						DevelopmentTeam = 92Q84XST7Y;
					};
				};
			};
			buildConfigurationList = B16DE32E1C3967E8007D300C /* Build configuration list for PBXProject "SLWeibo" */;
			compatibilityVersion = "Xcode 3.2";
			developmentRegion = English;
			hasScannedForEncodings = 0;
			knownRegions = (
				en,
				Base,
			);
			mainGroup = B16DE32A1C3967E8007D300C;
			productRefGroup = B16DE3341C3967E8007D300C /* Products */;
			projectDirPath = "";
			projectRoot = "";
			targets = (
				B16DE3321C3967E8007D300C /* SLWeibo */,
			);
		};
/* End PBXProject section */

/* Begin PBXResourcesBuildPhase section */
		B16DE3311C3967E8007D300C /* Resources */ = {
			isa = PBXResourcesBuildPhase;
			buildActionMask = 2147483647;
			files = (
				B11E31F01C43EF5A00CDB5A4 /* MJPhotoBrowser.bundle in Resources */,
				B16DE3921C397380007D300C /* Info.plist in Resources */,
				B198E0641C45E911003BBF99 /* MJRefresh.bundle in Resources */,
				B16DE3431C3967E8007D300C /* Assets.xcassets in Resources */,
			);
			runOnlyForDeploymentPostprocessing = 0;
		};
/* End PBXResourcesBuildPhase section */

/* Begin PBXShellScriptBuildPhase section */
		23E7371DEAA425393E1AC207 /* [CP] Check Pods Manifest.lock */ = {
			isa = PBXShellScriptBuildPhase;
			buildActionMask = 2147483647;
			files = (
			);
			inputPaths = (
				"${PODS_PODFILE_DIR_PATH}/Podfile.lock",
				"${PODS_ROOT}/Manifest.lock",
			);
			name = "[CP] Check Pods Manifest.lock";
			outputPaths = (
				"$(DERIVED_FILE_DIR)/Pods-SLWeibo-checkManifestLockResult.txt",
			);
			runOnlyForDeploymentPostprocessing = 0;
			shellPath = /bin/sh;
			shellScript = "diff \"${PODS_PODFILE_DIR_PATH}/Podfile.lock\" \"${PODS_ROOT}/Manifest.lock\" > /dev/null\nif [ $? != 0 ] ; then\n    # print error to STDERR\n    echo \"error: The sandbox is not in sync with the Podfile.lock. Run 'pod install' or update your CocoaPods installation.\" >&2\n    exit 1\nfi\n# This output is used by Xcode 'outputs' to avoid re-running this script phase.\necho \"SUCCESS\" > \"${SCRIPT_OUTPUT_FILE_0}\"\n";
			showEnvVarsInLog = 0;
		};
		E3FD62BD316109DF9B5E050C /* [CP] Embed Pods Frameworks */ = {
			isa = PBXShellScriptBuildPhase;
			buildActionMask = 2147483647;
			files = (
			);
			inputPaths = (
			);
			name = "[CP] Embed Pods Frameworks";
			outputPaths = (
			);
			runOnlyForDeploymentPostprocessing = 0;
			shellPath = /bin/sh;
			shellScript = "\"${SRCROOT}/Pods/Target Support Files/Pods-SLWeibo/Pods-SLWeibo-frameworks.sh\"\n";
			showEnvVarsInLog = 0;
		};
		FF7F2E7E1CA4F5FC8965D729 /* [CP] Copy Pods Resources */ = {
			isa = PBXShellScriptBuildPhase;
			buildActionMask = 2147483647;
			files = (
			);
			inputPaths = (
				"${SRCROOT}/Pods/Target Support Files/Pods-SLWeibo/Pods-SLWeibo-resources.sh",
				"${PODS_ROOT}/MJRefresh/MJRefresh/MJRefresh.bundle",
			);
			name = "[CP] Copy Pods Resources";
			outputPaths = (
				"${TARGET_BUILD_DIR}/${UNLOCALIZED_RESOURCES_FOLDER_PATH}/MJRefresh.bundle",
			);
			runOnlyForDeploymentPostprocessing = 0;
			shellPath = /bin/sh;
			shellScript = "\"${SRCROOT}/Pods/Target Support Files/Pods-SLWeibo/Pods-SLWeibo-resources.sh\"\n";
			showEnvVarsInLog = 0;
		};
/* End PBXShellScriptBuildPhase section */

/* Begin PBXSourcesBuildPhase section */
		B16DE32F1C3967E8007D300C /* Sources */ = {
			isa = PBXSourcesBuildPhase;
			buildActionMask = 2147483647;
			files = (
				B102CD5D1C3BF67300132E55 /* UIView+WebCacheOperation.m in Sources */,
				B130C0CC1C3CF93500E283DA /* MJPropertyKey.m in Sources */,
				B130C0D01C3CF93500E283DA /* NSObject+MJKeyValue.m in Sources */,
				B102CD281C3BEDEA00132E55 /* SLAccountTool.m in Sources */,
				B16DE3951C3976FD007D300C /* SLTabBar.m in Sources */,
				B11E31F21C43EF5A00CDB5A4 /* MJPhotoLoadingView.m in Sources */,
				B13A226B1C39DBFB00E2EF71 /* UIImage+SL.m in Sources */,
				B139E4911C53A142002013E5 /* SLComposeViewController.m in Sources */,
				B11E31F41C43EF5A00CDB5A4 /* MJPhotoToolbar.m in Sources */,
				B130C0CD1C3CF93500E283DA /* MJPropertyType.m in Sources */,
				B130C0CE1C3CF93500E283DA /* NSObject+MJClass.m in Sources */,
				B198E05A1C45E911003BBF99 /* MJRefreshHeader.m in Sources */,
				B130C0CA1C3CF93500E283DA /* MJFoundation.m in Sources */,
				B16DE39B1C397D1F007D300C /* SLTabBarButton.m in Sources */,
				B13B3B521C3AB42300B0194A /* AFHTTPSessionManager.m in Sources */,
				B198E0591C45E911003BBF99 /* MJRefreshFooter.m in Sources */,
				B1B77B921C3F6221005300B6 /* SLReweetStatusView.m in Sources */,
				B102CD2B1C3BF2B100132E55 /* SLStatus.m in Sources */,
				B198E05F1C45E911003BBF99 /* MJRefreshBackNormalFooter.m in Sources */,
				B13B3B561C3AB42300B0194A /* AFURLResponseSerialization.m in Sources */,
				B198E0671C45E911003BBF99 /* UIScrollView+MJRefresh.m in Sources */,
				B198E0571C45E911003BBF99 /* MJRefreshBackFooter.m in Sources */,
				B198E0651C45E911003BBF99 /* MJRefreshConst.m in Sources */,
				B130C0C81C3CF93500E283DA /* MJDictionaryCache.m in Sources */,
				B11E31DE1C43EA9A00CDB5A4 /* SLPhotosView.m in Sources */,
				B13A22711C3A14EA00E2EF71 /* UIBarButtonItem+SL.m in Sources */,
				B102CD541C3BF67300132E55 /* SDWebImageDownloaderOperation.m in Sources */,
				B198E0611C45E911003BBF99 /* MJRefreshGifHeader.m in Sources */,
				B139E49A1C53A300002013E5 /* SLComposePhotosView.m in Sources */,
				B198E0631C45E911003BBF99 /* MJRefreshStateHeader.m in Sources */,
				B102CD561C3BF67300132E55 /* SDWebImagePrefetcher.m in Sources */,
				B13B3B531C3AB42300B0194A /* AFNetworkReachabilityManager.m in Sources */,
				B13A227E1C3A1E9400E2EF71 /* SLNewPartController.m in Sources */,
				B198E0681C45E911003BBF99 /* UIView+MJExtension.m in Sources */,
				B130C0D11C3CF93500E283DA /* NSObject+MJProperty.m in Sources */,
				B130C0D51C3CFA3600E283DA /* SLStatusCell.m in Sources */,
				B16DE3851C3970B0007D300C /* SLTabBarController.m in Sources */,
				B1B77B951C3F6262005300B6 /* SLSelfStatusView.m in Sources */,
				B11E31F51C43EF5A00CDB5A4 /* MJPhotoView.m in Sources */,
				B192316F1C43D789006BECCA /* SLPhoto.m in Sources */,
				B102CD591C3BF67300132E55 /* UIImage+MultiFormat.m in Sources */,
				B130C0DB1C3CFC6000E283DA /* NSDate+MJ.m in Sources */,
				B130C0CF1C3CF93500E283DA /* NSObject+MJCoding.m in Sources */,
				B130C0D21C3CF93500E283DA /* NSString+MJExtension.m in Sources */,
				B16DE3861C3970B0007D300C /* SLMeViewController.m in Sources */,
				B198E0601C45E911003BBF99 /* MJRefreshBackStateFooter.m in Sources */,
				B11E31EF1C43EF5A00CDB5A4 /* MJPhoto.m in Sources */,
				B16DE3841C3970B0007D300C /* SLDiscoverViewController.m in Sources */,
				B130C0CB1C3CF93500E283DA /* MJProperty.m in Sources */,
				B198E05E1C45E911003BBF99 /* MJRefreshBackGifFooter.m in Sources */,
				B198E05C1C45E911003BBF99 /* MJRefreshAutoNormalFooter.m in Sources */,
				B130C0AF1C3CF75500E283DA /* SLUser.m in Sources */,
				B198E0621C45E911003BBF99 /* MJRefreshNormalHeader.m in Sources */,
				B11E31F61C43EF5A00CDB5A4 /* SDWebImageManager+MJ.m in Sources */,
				B102CD571C3BF67300132E55 /* UIButton+WebCache.m in Sources */,
				B139E49D1C53B2CF002013E5 /* SLHttpTool.m in Sources */,
				B198E05B1C45E911003BBF99 /* MJRefreshAutoGifFooter.m in Sources */,
				B198E0661C45E911003BBF99 /* UIScrollView+MJExtension.m in Sources */,
				B139E4971C53A2B2002013E5 /* SLTextView.m in Sources */,
				B102CD581C3BF67300132E55 /* UIImage+GIF.m in Sources */,
				B16DE3871C3970B0007D300C /* SLMessageViewController.m in Sources */,
				B16DE38D1C3970BB007D300C /* main.m in Sources */,
				B102CD241C3BEC9B00132E55 /* SLWeiboTool.m in Sources */,
				B13B3B551C3AB42300B0194A /* AFURLRequestSerialization.m in Sources */,
				B13B3B431C3AAD2C00B0194A /* SLAuthorController.m in Sources */,
				B130C0DE1C3D260D00E283DA /* NSString+SL.m in Sources */,
				B198E05D1C45E911003BBF99 /* MJRefreshAutoStateFooter.m in Sources */,
				B11E31F11C43EF5A00CDB5A4 /* MJPhotoBrowser.m in Sources */,
				B16DE38C1C3970BB007D300C /* AppDelegate.m in Sources */,
				B102CD501C3BF67300132E55 /* SDImageCache.m in Sources */,
				B13A22681C39DB3D00E2EF71 /* SLBadgeButton.m in Sources */,
				B11E31DB1C43E78500CDB5A4 /* SLPhotoView.m in Sources */,
				B102CD551C3BF67300132E55 /* SDWebImageManager.m in Sources */,
				B1B77B8F1C3F5B89005300B6 /* SLStatusToolBar.m in Sources */,
				B130C0D81C3CFA5200E283DA /* SLStatusFrame.m in Sources */,
				B102CD5A1C3BF67300132E55 /* UIImage+WebP.m in Sources */,
				B13A22771C3A1A4D00E2EF71 /* SLSearchBar.m in Sources */,
				B198E0561C45E911003BBF99 /* MJRefreshAutoFooter.m in Sources */,
				B13B3B5A1C3AB97600B0194A /* SLAccount.m in Sources */,
				B13B3B541C3AB42300B0194A /* AFSecurityPolicy.m in Sources */,
				B139E4941C53A196002013E5 /* SLComposeToolbar.m in Sources */,
				B13A226E1C3A0A7200E2EF71 /* SLNavigationController.m in Sources */,
				B198E0581C45E911003BBF99 /* MJRefreshComponent.m in Sources */,
				B102CD5C1C3BF67300132E55 /* UIImageView+WebCache.m in Sources */,
				B102CD531C3BF67300132E55 /* SDWebImageDownloader.m in Sources */,
				B13A22741C3A167300E2EF71 /* SLTitleBtn.m in Sources */,
				B102CD4E1C3BF67300132E55 /* MKAnnotationView+WebCache.m in Sources */,
				B16DE3901C397124007D300C /* SLHomeViewController.m in Sources */,
				B130C0C91C3CF93500E283DA /* MJExtensionConst.m in Sources */,
				B11E31F31C43EF5A00CDB5A4 /* MJPhotoProgressView.m in Sources */,
				B102CD521C3BF67300132E55 /* SDWebImageDecoder.m in Sources */,
				B1454FBE1C894B6300878914 /* SLSetController.m in Sources */,
				B102CD511C3BF67300132E55 /* SDWebImageCompat.m in Sources */,
				B102CD5B1C3BF67300132E55 /* UIImageView+HighlightedWebCache.m in Sources */,
				B102CD4F1C3BF67300132E55 /* NSData+ImageContentType.m in Sources */,
				B13B3B571C3AB42300B0194A /* AFURLSessionManager.m in Sources */,
			);
			runOnlyForDeploymentPostprocessing = 0;
		};
/* End PBXSourcesBuildPhase section */

/* Begin XCBuildConfiguration section */
		B16DE3481C3967E8007D300C /* Debug */ = {
			isa = XCBuildConfiguration;
			buildSettings = {
				ALWAYS_SEARCH_USER_PATHS = NO;
				CLANG_CXX_LANGUAGE_STANDARD = "gnu++0x";
				CLANG_CXX_LIBRARY = "libc++";
				CLANG_ENABLE_MODULES = YES;
				CLANG_ENABLE_OBJC_ARC = YES;
				CLANG_WARN_BOOL_CONVERSION = YES;
				CLANG_WARN_CONSTANT_CONVERSION = YES;
				CLANG_WARN_DIRECT_OBJC_ISA_USAGE = YES_ERROR;
				CLANG_WARN_EMPTY_BODY = YES;
				CLANG_WARN_ENUM_CONVERSION = YES;
				CLANG_WARN_INT_CONVERSION = YES;
				CLANG_WARN_OBJC_ROOT_CLASS = YES_ERROR;
				CLANG_WARN_UNREACHABLE_CODE = YES;
				CLANG_WARN__DUPLICATE_METHOD_MATCH = YES;
				"CODE_SIGN_IDENTITY[sdk=iphoneos*]" = "iPhone Developer";
				COPY_PHASE_STRIP = NO;
				DEBUG_INFORMATION_FORMAT = dwarf;
				ENABLE_STRICT_OBJC_MSGSEND = YES;
				ENABLE_TESTABILITY = YES;
				GCC_C_LANGUAGE_STANDARD = gnu99;
				GCC_DYNAMIC_NO_PIC = NO;
				GCC_NO_COMMON_BLOCKS = YES;
				GCC_OPTIMIZATION_LEVEL = 0;
				GCC_PREPROCESSOR_DEFINITIONS = (
					"DEBUG=1",
					"$(inherited)",
				);
				GCC_WARN_64_TO_32_BIT_CONVERSION = YES;
				GCC_WARN_ABOUT_RETURN_TYPE = YES_ERROR;
				GCC_WARN_UNDECLARED_SELECTOR = YES;
				GCC_WARN_UNINITIALIZED_AUTOS = YES_AGGRESSIVE;
				GCC_WARN_UNUSED_FUNCTION = YES;
				GCC_WARN_UNUSED_VARIABLE = YES;
				IPHONEOS_DEPLOYMENT_TARGET = 9.0;
				MTL_ENABLE_DEBUG_INFO = YES;
				ONLY_ACTIVE_ARCH = YES;
				SDKROOT = iphoneos;
			};
			name = Debug;
		};
		B16DE3491C3967E8007D300C /* Release */ = {
			isa = XCBuildConfiguration;
			buildSettings = {
				ALWAYS_SEARCH_USER_PATHS = NO;
				CLANG_CXX_LANGUAGE_STANDARD = "gnu++0x";
				CLANG_CXX_LIBRARY = "libc++";
				CLANG_ENABLE_MODULES = YES;
				CLANG_ENABLE_OBJC_ARC = YES;
				CLANG_WARN_BOOL_CONVERSION = YES;
				CLANG_WARN_CONSTANT_CONVERSION = YES;
				CLANG_WARN_DIRECT_OBJC_ISA_USAGE = YES_ERROR;
				CLANG_WARN_EMPTY_BODY = YES;
				CLANG_WARN_ENUM_CONVERSION = YES;
				CLANG_WARN_INT_CONVERSION = YES;
				CLANG_WARN_OBJC_ROOT_CLASS = YES_ERROR;
				CLANG_WARN_UNREACHABLE_CODE = YES;
				CLANG_WARN__DUPLICATE_METHOD_MATCH = YES;
				"CODE_SIGN_IDENTITY[sdk=iphoneos*]" = "iPhone Developer";
				COPY_PHASE_STRIP = NO;
				DEBUG_INFORMATION_FORMAT = "dwarf-with-dsym";
				ENABLE_NS_ASSERTIONS = NO;
				ENABLE_STRICT_OBJC_MSGSEND = YES;
				GCC_C_LANGUAGE_STANDARD = gnu99;
				GCC_NO_COMMON_BLOCKS = YES;
				GCC_WARN_64_TO_32_BIT_CONVERSION = YES;
				GCC_WARN_ABOUT_RETURN_TYPE = YES_ERROR;
				GCC_WARN_UNDECLARED_SELECTOR = YES;
				GCC_WARN_UNINITIALIZED_AUTOS = YES_AGGRESSIVE;
				GCC_WARN_UNUSED_FUNCTION = YES;
				GCC_WARN_UNUSED_VARIABLE = YES;
				IPHONEOS_DEPLOYMENT_TARGET = 9.0;
				MTL_ENABLE_DEBUG_INFO = NO;
				SDKROOT = iphoneos;
				VALIDATE_PRODUCT = YES;
			};
			name = Release;
		};
		B16DE34B1C3967E8007D300C /* Debug */ = {
			isa = XCBuildConfiguration;
			baseConfigurationReference = 49694CB5EC244A581B99BC7B /* Pods-SLWeibo.debug.xcconfig */;
			buildSettings = {
				ASSETCATALOG_COMPILER_APPICON_NAME = AppIcon;
				ASSETCATALOG_COMPILER_LAUNCHIMAGE_NAME = LaunchImage;
				CODE_SIGN_IDENTITY = "iPhone Developer";
				INFOPLIST_FILE = SLWeibo/Info.plist;
				IPHONEOS_DEPLOYMENT_TARGET = 8.4;
				LD_RUNPATH_SEARCH_PATHS = "$(inherited) @executable_path/Frameworks";
				PRODUCT_BUNDLE_IDENTIFIER = cn.Xsoft.SLWeibo;
				PRODUCT_NAME = "$(TARGET_NAME)";
			};
			name = Debug;
		};
		B16DE34C1C3967E8007D300C /* Release */ = {
			isa = XCBuildConfiguration;
			baseConfigurationReference = BEBD1931C0DD20D5A1F10DF0 /* Pods-SLWeibo.release.xcconfig */;
			buildSettings = {
				ASSETCATALOG_COMPILER_APPICON_NAME = AppIcon;
				ASSETCATALOG_COMPILER_LAUNCHIMAGE_NAME = LaunchImage;
				CODE_SIGN_IDENTITY = "iPhone Developer";
				INFOPLIST_FILE = SLWeibo/Info.plist;
				IPHONEOS_DEPLOYMENT_TARGET = 8.4;
				LD_RUNPATH_SEARCH_PATHS = "$(inherited) @executable_path/Frameworks";
				PRODUCT_BUNDLE_IDENTIFIER = cn.Xsoft.SLWeibo;
				PRODUCT_NAME = "$(TARGET_NAME)";
			};
			name = Release;
		};
/* End XCBuildConfiguration section */

/* Begin XCConfigurationList section */
		B16DE32E1C3967E8007D300C /* Build configuration list for PBXProject "SLWeibo" */ = {
			isa = XCConfigurationList;
			buildConfigurations = (
				B16DE3481C3967E8007D300C /* Debug */,
				B16DE3491C3967E8007D300C /* Release */,
			);
			defaultConfigurationIsVisible = 0;
			defaultConfigurationName = Release;
		};
		B16DE34A1C3967E8007D300C /* Build configuration list for PBXNativeTarget "SLWeibo" */ = {
			isa = XCConfigurationList;
			buildConfigurations = (
				B16DE34B1C3967E8007D300C /* Debug */,
				B16DE34C1C3967E8007D300C /* Release */,
			);
			defaultConfigurationIsVisible = 0;
			defaultConfigurationName = Release;
		};
/* End XCConfigurationList section */
	};
	rootObject = B16DE32B1C3967E8007D300C /* Project object */;
}
